// !$*UTF8*$!
{
	archiveVersion = 1;
	classes = {
	};
	objectVersion = 56;
	objects = {

/* Begin PBXBuildFile section */
		06F6822A29408D4A0047E624 /* AppDelegate.swift in Sources */ = {isa = PBXBuildFile; fileRef = 06F6822929408D4A0047E624 /* AppDelegate.swift */; };
		06F6822C29408D4A0047E624 /* SceneDelegate.swift in Sources */ = {isa = PBXBuildFile; fileRef = 06F6822B29408D4A0047E624 /* SceneDelegate.swift */; };
		06F6822E29408D4A0047E624 /* ViewController.swift in Sources */ = {isa = PBXBuildFile; fileRef = 06F6822D29408D4A0047E624 /* ViewController.swift */; };
		06F6823129408D4A0047E624 /* Main.storyboard in Resources */ = {isa = PBXBuildFile; fileRef = 06F6822F29408D4A0047E624 /* Main.storyboard */; };
		06F6823329408D4C0047E624 /* Assets.xcassets in Resources */ = {isa = PBXBuildFile; fileRef = 06F6823229408D4C0047E624 /* Assets.xcassets */; };
		06F6823629408D4C0047E624 /* LaunchScreen.storyboard in Resources */ = {isa = PBXBuildFile; fileRef = 06F6823429408D4C0047E624 /* LaunchScreen.storyboard */; };
		06F6824129408D4C0047E624 /* covidATests.swift in Sources */ = {isa = PBXBuildFile; fileRef = 06F6824029408D4C0047E624 /* covidATests.swift */; };
		06F6824B29408D4C0047E624 /* covidAUITests.swift in Sources */ = {isa = PBXBuildFile; fileRef = 06F6824A29408D4C0047E624 /* covidAUITests.swift */; };
		06F6824D29408D4C0047E624 /* covidAUITestsLaunchTests.swift in Sources */ = {isa = PBXBuildFile; fileRef = 06F6824C29408D4C0047E624 /* covidAUITestsLaunchTests.swift */; };
/* End PBXBuildFile section */

/* Begin PBXContainerItemProxy section */
		06F6823D29408D4C0047E624 /* PBXContainerItemProxy */ = {
			isa = PBXContainerItemProxy;
			containerPortal = 06F6821E29408D4A0047E624 /* Project object */;
			proxyType = 1;
			remoteGlobalIDString = 06F6822529408D4A0047E624;
			remoteInfo = covidA;
		};
		06F6824729408D4C0047E624 /* PBXContainerItemProxy */ = {
			isa = PBXContainerItemProxy;
			containerPortal = 06F6821E29408D4A0047E624 /* Project object */;
			proxyType = 1;
			remoteGlobalIDString = 06F6822529408D4A0047E624;
			remoteInfo = covidA;
		};
/* End PBXContainerItemProxy section */

/* Begin PBXFileReference section */
		06F6822629408D4A0047E624 /* covidA.app */ = {isa = PBXFileReference; explicitFileType = wrapper.application; includeInIndex = 0; path = covidA.app; sourceTree = BUILT_PRODUCTS_DIR; };
		06F6822929408D4A0047E624 /* AppDelegate.swift */ = {isa = PBXFileReference; lastKnownFileType = sourcecode.swift; path = AppDelegate.swift; sourceTree = "<group>"; };
		06F6822B29408D4A0047E624 /* SceneDelegate.swift */ = {isa = PBXFileReference; lastKnownFileType = sourcecode.swift; path = SceneDelegate.swift; sourceTree = "<group>"; };
		06F6822D29408D4A0047E624 /* ViewController.swift */ = {isa = PBXFileReference; lastKnownFileType = sourcecode.swift; path = ViewController.swift; sourceTree = "<group>"; };
		06F6823029408D4A0047E624 /* Base */ = {isa = PBXFileReference; lastKnownFileType = file.storyboard; name = Base; path = Base.lproj/Main.storyboard; sourceTree = "<group>"; };
		06F6823229408D4C0047E624 /* Assets.xcassets */ = {isa = PBXFileReference; lastKnownFileType = folder.assetcatalog; path = Assets.xcassets; sourceTree = "<group>"; };
		06F6823529408D4C0047E624 /* Base */ = {isa = PBXFileReference; lastKnownFileType = file.storyboard; name = Base; path = Base.lproj/LaunchScreen.storyboard; sourceTree = "<group>"; };
		06F6823729408D4C0047E624 /* Info.plist */ = {isa = PBXFileReference; lastKnownFileType = text.plist.xml; path = Info.plist; sourceTree = "<group>"; };
		06F6823C29408D4C0047E624 /* covidATests.xctest */ = {isa = PBXFileReference; explicitFileType = wrapper.cfbundle; includeInIndex = 0; path = covidATests.xctest; sourceTree = BUILT_PRODUCTS_DIR; };
		06F6824029408D4C0047E624 /* covidATests.swift */ = {isa = PBXFileReference; lastKnownFileType = sourcecode.swift; path = covidATests.swift; sourceTree = "<group>"; };
		06F6824629408D4C0047E624 /* covidAUITests.xctest */ = {isa = PBXFileReference; explicitFileType = wrapper.cfbundle; includeInIndex = 0; path = covidAUITests.xctest; sourceTree = BUILT_PRODUCTS_DIR; };
		06F6824A29408D4C0047E624 /* covidAUITests.swift */ = {isa = PBXFileReference; lastKnownFileType = sourcecode.swift; path = covidAUITests.swift; sourceTree = "<group>"; };
		06F6824C29408D4C0047E624 /* covidAUITestsLaunchTests.swift */ = {isa = PBXFileReference; lastKnownFileType = sourcecode.swift; path = covidAUITestsLaunchTests.swift; sourceTree = "<group>"; };
/* End PBXFileReference section */

/* Begin PBXFrameworksBuildPhase section */
		06F6822329408D4A0047E624 /* Frameworks */ = {
			isa = PBXFrameworksBuildPhase;
			buildActionMask = 2147483647;
			files = (
			);
			runOnlyForDeploymentPostprocessing = 0;
		};
		06F6823929408D4C0047E624 /* Frameworks */ = {
			isa = PBXFrameworksBuildPhase;
			buildActionMask = 2147483647;
			files = (
			);
			runOnlyForDeploymentPostprocessing = 0;
		};
		06F6824329408D4C0047E624 /* Frameworks */ = {
			isa = PBXFrameworksBuildPhase;
			buildActionMask = 2147483647;
			files = (
			);
			runOnlyForDeploymentPostprocessing = 0;
		};
/* End PBXFrameworksBuildPhase section */

/* Begin PBXGroup section */
		06F6821D29408D4A0047E624 = {
			isa = PBXGroup;
			children = (
				06F6822829408D4A0047E624 /* covidA */,
				06F6823F29408D4C0047E624 /* covidATests */,
				06F6824929408D4C0047E624 /* covidAUITests */,
				06F6822729408D4A0047E624 /* Products */,
			);
			sourceTree = "<group>";
		};
		06F6822729408D4A0047E624 /* Products */ = {
			isa = PBXGroup;
			children = (
				06F6822629408D4A0047E624 /* covidA.app */,
				06F6823C29408D4C0047E624 /* covidATests.xctest */,
				06F6824629408D4C0047E624 /* covidAUITests.xctest */,
			);
			name = Products;
			sourceTree = "<group>";
		};
		06F6822829408D4A0047E624 /* covidA */ = {
			isa = PBXGroup;
			children = (
				06F6822929408D4A0047E624 /* AppDelegate.swift */,
				06F6822B29408D4A0047E624 /* SceneDelegate.swift */,
				06F6822D29408D4A0047E624 /* ViewController.swift */,
				06F6822F29408D4A0047E624 /* Main.storyboard */,
				06F6823229408D4C0047E624 /* Assets.xcassets */,
				06F6823429408D4C0047E624 /* LaunchScreen.storyboard */,
				06F6823729408D4C0047E624 /* Info.plist */,
			);
			path = covidA;
			sourceTree = "<group>";
		};
		06F6823F29408D4C0047E624 /* covidATests */ = {
			isa = PBXGroup;
			children = (
				06F6824029408D4C0047E624 /* covidATests.swift */,
			);
			path = covidATests;
			sourceTree = "<group>";
		};
		06F6824929408D4C0047E624 /* covidAUITests */ = {
			isa = PBXGroup;
			children = (
				06F6824A29408D4C0047E624 /* covidAUITests.swift */,
				06F6824C29408D4C0047E624 /* covidAUITestsLaunchTests.swift */,
			);
			path = covidAUITests;
			sourceTree = "<group>";
		};
/* End PBXGroup section */

/* Begin PBXNativeTarget section */
		06F6822529408D4A0047E624 /* covidA */ = {
			isa = PBXNativeTarget;
			buildConfigurationList = 06F6825029408D4C0047E624 /* Build configuration list for PBXNativeTarget "covidA" */;
			buildPhases = (
				06F6822229408D4A0047E624 /* Sources */,
				06F6822329408D4A0047E624 /* Frameworks */,
				06F6822429408D4A0047E624 /* Resources */,
			);
			buildRules = (
			);
			dependencies = (
			);
			name = covidA;
			productName = covidA;
			productReference = 06F6822629408D4A0047E624 /* covidA.app */;
			productType = "com.apple.product-type.application";
		};
		06F6823B29408D4C0047E624 /* covidATests */ = {
			isa = PBXNativeTarget;
			buildConfigurationList = 06F6825329408D4C0047E624 /* Build configuration list for PBXNativeTarget "covidATests" */;
			buildPhases = (
				06F6823829408D4C0047E624 /* Sources */,
				06F6823929408D4C0047E624 /* Frameworks */,
				06F6823A29408D4C0047E624 /* Resources */,
			);
			buildRules = (
			);
			dependencies = (
				06F6823E29408D4C0047E624 /* PBXTargetDependency */,
			);
			name = covidATests;
			productName = covidATests;
			productReference = 06F6823C29408D4C0047E624 /* covidATests.xctest */;
			productType = "com.apple.product-type.bundle.unit-test";
		};
		06F6824529408D4C0047E624 /* covidAUITests */ = {
			isa = PBXNativeTarget;
			buildConfigurationList = 06F6825629408D4C0047E624 /* Build configuration list for PBXNativeTarget "covidAUITests" */;
			buildPhases = (
				06F6824229408D4C0047E624 /* Sources */,
				06F6824329408D4C0047E624 /* Frameworks */,
				06F6824429408D4C0047E624 /* Resources */,
			);
			buildRules = (
			);
			dependencies = (
				06F6824829408D4C0047E624 /* PBXTargetDependency */,
			);
			name = covidAUITests;
			productName = covidAUITests;
			productReference = 06F6824629408D4C0047E624 /* covidAUITests.xctest */;
			productType = "com.apple.product-type.bundle.ui-testing";
		};
/* End PBXNativeTarget section */

/* Begin PBXProject section */
		06F6821E29408D4A0047E624 /* Project object */ = {
			isa = PBXProject;
			attributes = {
				BuildIndependentTargetsInParallel = 1;
				LastSwiftUpdateCheck = 1410;
				LastUpgradeCheck = 1410;
				TargetAttributes = {
					06F6822529408D4A0047E624 = {
						CreatedOnToolsVersion = 14.1;
					};
					06F6823B29408D4C0047E624 = {
						CreatedOnToolsVersion = 14.1;
						TestTargetID = 06F6822529408D4A0047E624;
					};
					06F6824529408D4C0047E624 = {
						CreatedOnToolsVersion = 14.1;
						TestTargetID = 06F6822529408D4A0047E624;
					};
				};
			};
			buildConfigurationList = 06F6822129408D4A0047E624 /* Build configuration list for PBXProject "covidA" */;
			compatibilityVersion = "Xcode 14.0";
			developmentRegion = en;
			hasScannedForEncodings = 0;
			knownRegions = (
				en,
				Base,
			);
			mainGroup = 06F6821D29408D4A0047E624;
			productRefGroup = 06F6822729408D4A0047E624 /* Products */;
			projectDirPath = "";
			projectRoot = "";
			targets = (
				06F6822529408D4A0047E624 /* covidA */,
				06F6823B29408D4C0047E624 /* covidATests */,
				06F6824529408D4C0047E624 /* covidAUITests */,
			);
		};
/* End PBXProject section */

/* Begin PBXResourcesBuildPhase section */
		06F6822429408D4A0047E624 /* Resources */ = {
			isa = PBXResourcesBuildPhase;
			buildActionMask = 2147483647;
			files = (
				06F6823629408D4C0047E624 /* LaunchScreen.storyboard in Resources */,
				06F6823329408D4C0047E624 /* Assets.xcassets in Resources */,
				06F6823129408D4A0047E624 /* Main.storyboard in Resources */,
			);
			runOnlyForDeploymentPostprocessing = 0;
		};
		06F6823A29408D4C0047E624 /* Resources */ = {
			isa = PBXResourcesBuildPhase;
			buildActionMask = 2147483647;
			files = (
			);
			runOnlyForDeploymentPostprocessing = 0;
		};
		06F6824429408D4C0047E624 /* Resources */ = {
			isa = PBXResourcesBuildPhase;
			buildActionMask = 2147483647;
			files = (
			);
			runOnlyForDeploymentPostprocessing = 0;
		};
/* End PBXResourcesBuildPhase section */

/* Begin PBXSourcesBuildPhase section */
		06F6822229408D4A0047E624 /* Sources */ = {
			isa = PBXSourcesBuildPhase;
			buildActionMask = 2147483647;
			files = (
				06F6822E29408D4A0047E624 /* ViewController.swift in Sources */,
				06F6822A29408D4A0047E624 /* AppDelegate.swift in Sources */,
				06F6822C29408D4A0047E624 /* SceneDelegate.swift in Sources */,
			);
			runOnlyForDeploymentPostprocessing = 0;
		};
		06F6823829408D4C0047E624 /* Sources */ = {
			isa = PBXSourcesBuildPhase;
			buildActionMask = 2147483647;
			files = (
				06F6824129408D4C0047E624 /* covidATests.swift in Sources */,
			);
			runOnlyForDeploymentPostprocessing = 0;
		};
		06F6824229408D4C0047E624 /* Sources */ = {
			isa = PBXSourcesBuildPhase;
			buildActionMask = 2147483647;
			files = (
				06F6824D29408D4C0047E624 /* covidAUITestsLaunchTests.swift in Sources */,
				06F6824B29408D4C0047E624 /* covidAUITests.swift in Sources */,
			);
			runOnlyForDeploymentPostprocessing = 0;
		};
/* End PBXSourcesBuildPhase section */

/* Begin PBXTargetDependency section */
		06F6823E29408D4C0047E624 /* PBXTargetDependency */ = {
			isa = PBXTargetDependency;
			target = 06F6822529408D4A0047E624 /* covidA */;
			targetProxy = 06F6823D29408D4C0047E624 /* PBXContainerItemProxy */;
		};
		06F6824829408D4C0047E624 /* PBXTargetDependency */ = {
			isa = PBXTargetDependency;
			target = 06F6822529408D4A0047E624 /* covidA */;
			targetProxy = 06F6824729408D4C0047E624 /* PBXContainerItemProxy */;
		};
/* End PBXTargetDependency section */

/* Begin PBXVariantGroup section */
		06F6822F29408D4A0047E624 /* Main.storyboard */ = {
			isa = PBXVariantGroup;
			children = (
				06F6823029408D4A0047E624 /* Base */,
			);
			name = Main.storyboard;
			sourceTree = "<group>";
		};
		06F6823429408D4C0047E624 /* LaunchScreen.storyboard */ = {
			isa = PBXVariantGroup;
			children = (
				06F6823529408D4C0047E624 /* Base */,
			);
			name = LaunchScreen.storyboard;
			sourceTree = "<group>";
		};
/* End PBXVariantGroup section */

/* Begin XCBuildConfiguration section */
		06F6824E29408D4C0047E624 /* Debug */ = {
			isa = XCBuildConfiguration;
			buildSettings = {
				ALWAYS_SEARCH_USER_PATHS = NO;
				CLANG_ANALYZER_NONNULL = YES;
				CLANG_ANALYZER_NUMBER_OBJECT_CONVERSION = YES_AGGRESSIVE;
				CLANG_CXX_LANGUAGE_STANDARD = "gnu++20";
				CLANG_ENABLE_MODULES = YES;
				CLANG_ENABLE_OBJC_ARC = YES;
				CLANG_ENABLE_OBJC_WEAK = YES;
				CLANG_WARN_BLOCK_CAPTURE_AUTORELEASING = YES;
				CLANG_WARN_BOOL_CONVERSION = YES;
				CLANG_WARN_COMMA = YES;
				CLANG_WARN_CONSTANT_CONVERSION = YES;
				CLANG_WARN_DEPRECATED_OBJC_IMPLEMENTATIONS = YES;
				CLANG_WARN_DIRECT_OBJC_ISA_USAGE = YES_ERROR;
				CLANG_WARN_DOCUMENTATION_COMMENTS = YES;
				CLANG_WARN_EMPTY_BODY = YES;
				CLANG_WARN_ENUM_CONVERSION = YES;
				CLANG_WARN_INFINITE_RECURSION = YES;
				CLANG_WARN_INT_CONVERSION = YES;
				CLANG_WARN_NON_LITERAL_NULL_CONVERSION = YES;
				CLANG_WARN_OBJC_IMPLICIT_RETAIN_SELF = YES;
				CLANG_WARN_OBJC_LITERAL_CONVERSION = YES;
				CLANG_WARN_OBJC_ROOT_CLASS = YES_ERROR;
				CLANG_WARN_QUOTED_INCLUDE_IN_FRAMEWORK_HEADER = YES;
				CLANG_WARN_RANGE_LOOP_ANALYSIS = YES;
				CLANG_WARN_STRICT_PROTOTYPES = YES;
				CLANG_WARN_SUSPICIOUS_MOVE = YES;
				CLANG_WARN_UNGUARDED_AVAILABILITY = YES_AGGRESSIVE;
				CLANG_WARN_UNREACHABLE_CODE = YES;
				CLANG_WARN__DUPLICATE_METHOD_MATCH = YES;
				COPY_PHASE_STRIP = NO;
				DEBUG_INFORMATION_FORMAT = dwarf;
				ENABLE_STRICT_OBJC_MSGSEND = YES;
				ENABLE_TESTABILITY = YES;
				GCC_C_LANGUAGE_STANDARD = gnu11;
				GCC_DYNAMIC_NO_PIC = NO;
				GCC_NO_COMMON_BLOCKS = YES;
				GCC_OPTIMIZATION_LEVEL = 0;
				GCC_PREPROCESSOR_DEFINITIONS = (
					"DEBUG=1",
					"$(inherited)",
				);
				GCC_WARN_64_TO_32_BIT_CONVERSION = YES;
				GCC_WARN_ABOUT_RETURN_TYPE = YES_ERROR;
				GCC_WARN_UNDECLARED_SELECTOR = YES;
				GCC_WARN_UNINITIALIZED_AUTOS = YES_AGGRESSIVE;
				GCC_WARN_UNUSED_FUNCTION = YES;
				GCC_WARN_UNUSED_VARIABLE = YES;
				IPHONEOS_DEPLOYMENT_TARGET = 16.1;
				MTL_ENABLE_DEBUG_INFO = INCLUDE_SOURCE;
				MTL_FAST_MATH = YES;
				ONLY_ACTIVE_ARCH = YES;
				SDKROOT = iphoneos;
				SWIFT_ACTIVE_COMPILATION_CONDITIONS = DEBUG;
				SWIFT_OPTIMIZATION_LEVEL = "-Onone";
			};
			name = Debug;
		};
		06F6824F29408D4C0047E624 /* Release */ = {
			isa = XCBuildConfiguration;
			buildSettings = {
				ALWAYS_SEARCH_USER_PATHS = NO;
				CLANG_ANALYZER_NONNULL = YES;
				CLANG_ANALYZER_NUMBER_OBJECT_CONVERSION = YES_AGGRESSIVE;
				CLANG_CXX_LANGUAGE_STANDARD = "gnu++20";
				CLANG_ENABLE_MODULES = YES;
				CLANG_ENABLE_OBJC_ARC = YES;
				CLANG_ENABLE_OBJC_WEAK = YES;
				CLANG_WARN_BLOCK_CAPTURE_AUTORELEASING = YES;
				CLANG_WARN_BOOL_CONVERSION = YES;
				CLANG_WARN_COMMA = YES;
				CLANG_WARN_CONSTANT_CONVERSION = YES;
				CLANG_WARN_DEPRECATED_OBJC_IMPLEMENTATIONS = YES;
				CLANG_WARN_DIRECT_OBJC_ISA_USAGE = YES_ERROR;
				CLANG_WARN_DOCUMENTATION_COMMENTS = YES;
				CLANG_WARN_EMPTY_BODY = YES;
				CLANG_WARN_ENUM_CONVERSION = YES;
				CLANG_WARN_INFINITE_RECURSION = YES;
				CLANG_WARN_INT_CONVERSION = YES;
				CLANG_WARN_NON_LITERAL_NULL_CONVERSION = YES;
				CLANG_WARN_OBJC_IMPLICIT_RETAIN_SELF = YES;
				CLANG_WARN_OBJC_LITERAL_CONVERSION = YES;
				CLANG_WARN_OBJC_ROOT_CLASS = YES_ERROR;
				CLANG_WARN_QUOTED_INCLUDE_IN_FRAMEWORK_HEADER = YES;
				CLANG_WARN_RANGE_LOOP_ANALYSIS = YES;
				CLANG_WARN_STRICT_PROTOTYPES = YES;
				CLANG_WARN_SUSPICIOUS_MOVE = YES;
				CLANG_WARN_UNGUARDED_AVAILABILITY = YES_AGGRESSIVE;
				CLANG_WARN_UNREACHABLE_CODE = YES;
				CLANG_WARN__DUPLICATE_METHOD_MATCH = YES;
				COPY_PHASE_STRIP = NO;
				DEBUG_INFORMATION_FORMAT = "dwarf-with-dsym";
				ENABLE_NS_ASSERTIONS = NO;
				ENABLE_STRICT_OBJC_MSGSEND = YES;
				GCC_C_LANGUAGE_STANDARD = gnu11;
				GCC_NO_COMMON_BLOCKS = YES;
				GCC_WARN_64_TO_32_BIT_CONVERSION = YES;
				GCC_WARN_ABOUT_RETURN_TYPE = YES_ERROR;
				GCC_WARN_UNDECLARED_SELECTOR = YES;
				GCC_WARN_UNINITIALIZED_AUTOS = YES_AGGRESSIVE;
				GCC_WARN_UNUSED_FUNCTION = YES;
				GCC_WARN_UNUSED_VARIABLE = YES;
				IPHONEOS_DEPLOYMENT_TARGET = 16.1;
				MTL_ENABLE_DEBUG_INFO = NO;
				MTL_FAST_MATH = YES;
				SDKROOT = iphoneos;
				SWIFT_COMPILATION_MODE = wholemodule;
				SWIFT_OPTIMIZATION_LEVEL = "-O";
				VALIDATE_PRODUCT = YES;
			};
			name = Release;
		};
		06F6825129408D4C0047E624 /* Debug */ = {
			isa = XCBuildConfiguration;
			buildSettings = {
				ASSETCATALOG_COMPILER_APPICON_NAME = AppIcon;
				ASSETCATALOG_COMPILER_GLOBAL_ACCENT_COLOR_NAME = AccentColor;
				CODE_SIGN_STYLE = Automatic;
				CURRENT_PROJECT_VERSION = 1;
				DEVELOPMENT_TEAM = UGFP3W9FTD;
				GENERATE_INFOPLIST_FILE = YES;
				INFOPLIST_FILE = covidA/Info.plist;
				INFOPLIST_KEY_UIApplicationSupportsIndirectInputEvents = YES;
				INFOPLIST_KEY_UILaunchStoryboardName = LaunchScreen;
				INFOPLIST_KEY_UIMainStoryboardFile = Main;
				INFOPLIST_KEY_UISupportedInterfaceOrientations_iPad = "UIInterfaceOrientationPortrait UIInterfaceOrientationPortraitUpsideDown UIInterfaceOrientationLandscapeLeft UIInterfaceOrientationLandscapeRight";
				INFOPLIST_KEY_UISupportedInterfaceOrientations_iPhone = "UIInterfaceOrientationPortrait UIInterfaceOrientationLandscapeLeft UIInterfaceOrientationLandscapeRight";
				LD_RUNPATH_SEARCH_PATHS = (
					"$(inherited)",
					"@executable_path/Frameworks",
				);
				MARKETING_VERSION = 1.0;
				PRODUCT_BUNDLE_IDENTIFIER = com.practice.covidA;
				PRODUCT_NAME = "$(TARGET_NAME)";
				SWIFT_EMIT_LOC_STRINGS = YES;
				SWIFT_VERSION = 5.0;
				TARGETED_DEVICE_FAMILY = "1,2";
			};
			name = Debug;
		};
		06F6825229408D4C0047E624 /* Release */ = {
			isa = XCBuildConfiguration;
			buildSettings = {
				ASSETCATALOG_COMPILER_APPICON_NAME = AppIcon;
				ASSETCATALOG_COMPILER_GLOBAL_ACCENT_COLOR_NAME = AccentColor;
				CODE_SIGN_STYLE = Automatic;
				CURRENT_PROJECT_VERSION = 1;
				DEVELOPMENT_TEAM = UGFP3W9FTD;
				GENERATE_INFOPLIST_FILE = YES;
				INFOPLIST_FILE = covidA/Info.plist;
				INFOPLIST_KEY_UIApplicationSupportsIndirectInputEvents = YES;
				INFOPLIST_KEY_UILaunchStoryboardName = LaunchScreen;
				INFOPLIST_KEY_UIMainStoryboardFile = Main;
				INFOPLIST_KEY_UISupportedInterfaceOrientations_iPad = "UIInterfaceOrientationPortrait UIInterfaceOrientationPortraitUpsideDown UIInterfaceOrientationLandscapeLeft UIInterfaceOrientationLandscapeRight";
				INFOPLIST_KEY_UISupportedInterfaceOrientations_iPhone = "UIInterfaceOrientationPortrait UIInterfaceOrientationLandscapeLeft UIInterfaceOrientationLandscapeRight";
				LD_RUNPATH_SEARCH_PATHS = (
					"$(inherited)",
					"@executable_path/Frameworks",
				);
				MARKETING_VERSION = 1.0;
				PRODUCT_BUNDLE_IDENTIFIER = com.practice.covidA;
				PRODUCT_NAME = "$(TARGET_NAME)";
				SWIFT_EMIT_LOC_STRINGS = YES;
				SWIFT_VERSION = 5.0;
				TARGETED_DEVICE_FAMILY = "1,2";
			};
			name = Release;
		};
		06F6825429408D4C0047E624 /* Debug */ = {
			isa = XCBuildConfiguration;
			buildSettings = {
				ALWAYS_EMBED_SWIFT_STANDARD_LIBRARIES = YES;
				BUNDLE_LOADER = "$(TEST_HOST)";
				CODE_SIGN_STYLE = Automatic;
				CURRENT_PROJECT_VERSION = 1;
				DEVELOPMENT_TEAM = UGFP3W9FTD;
				GENERATE_INFOPLIST_FILE = YES;
				IPHONEOS_DEPLOYMENT_TARGET = 16.1;
				MARKETING_VERSION = 1.0;
				PRODUCT_BUNDLE_IDENTIFIER = com.practice.covidATests;
				PRODUCT_NAME = "$(TARGET_NAME)";
				SWIFT_EMIT_LOC_STRINGS = NO;
				SWIFT_VERSION = 5.0;
				TARGETED_DEVICE_FAMILY = "1,2";
				TEST_HOST = "$(BUILT_PRODUCTS_DIR)/covidA.app/$(BUNDLE_EXECUTABLE_FOLDER_PATH)/covidA";
			};
			name = Debug;
		};
		06F6825529408D4C0047E624 /* Release */ = {
			isa = XCBuildConfiguration;
			buildSettings = {
				ALWAYS_EMBED_SWIFT_STANDARD_LIBRARIES = YES;
				BUNDLE_LOADER = "$(TEST_HOST)";
				CODE_SIGN_STYLE = Automatic;
				CURRENT_PROJECT_VERSION = 1;
				DEVELOPMENT_TEAM = UGFP3W9FTD;
				GENERATE_INFOPLIST_FILE = YES;
				IPHONEOS_DEPLOYMENT_TARGET = 16.1;
				MARKETING_VERSION = 1.0;
				PRODUCT_BUNDLE_IDENTIFIER = com.practice.covidATests;
				PRODUCT_NAME = "$(TARGET_NAME)";
				SWIFT_EMIT_LOC_STRINGS = NO;
				SWIFT_VERSION = 5.0;
				TARGETED_DEVICE_FAMILY = "1,2";
				TEST_HOST = "$(BUILT_PRODUCTS_DIR)/covidA.app/$(BUNDLE_EXECUTABLE_FOLDER_PATH)/covidA";
			};
			name = Release;
		};
		06F6825729408D4C0047E624 /* Debug */ = {
			isa = XCBuildConfiguration;
			buildSettings = {
				ALWAYS_EMBED_SWIFT_STANDARD_LIBRARIES = YES;
				CODE_SIGN_STYLE = Automatic;
				CURRENT_PROJECT_VERSION = 1;
				DEVELOPMENT_TEAM = UGFP3W9FTD;
				GENERATE_INFOPLIST_FILE = YES;
				MARKETING_VERSION = 1.0;
				PRODUCT_BUNDLE_IDENTIFIER = com.practice.covidAUITests;
				PRODUCT_NAME = "$(TARGET_NAME)";
				SWIFT_EMIT_LOC_STRINGS = NO;
				SWIFT_VERSION = 5.0;
				TARGETED_DEVICE_FAMILY = "1,2";
				TEST_TARGET_NAME = covidA;
			};
			name = Debug;
		};
		06F6825829408D4C0047E624 /* Release */ = {
			isa = XCBuildConfiguration;
			buildSettings = {
				ALWAYS_EMBED_SWIFT_STANDARD_LIBRARIES = YES;
				CODE_SIGN_STYLE = Automatic;
				CURRENT_PROJECT_VERSION = 1;
				DEVELOPMENT_TEAM = UGFP3W9FTD;
				GENERATE_INFOPLIST_FILE = YES;
				MARKETING_VERSION = 1.0;
				PRODUCT_BUNDLE_IDENTIFIER = com.practice.covidAUITests;
				PRODUCT_NAME = "$(TARGET_NAME)";
				SWIFT_EMIT_LOC_STRINGS = NO;
				SWIFT_VERSION = 5.0;
				TARGETED_DEVICE_FAMILY = "1,2";
				TEST_TARGET_NAME = covidA;
			};
			name = Release;
		};
/* End XCBuildConfiguration section */

/* Begin XCConfigurationList section */
		06F6822129408D4A0047E624 /* Build configuration list for PBXProject "covidA" */ = {
			isa = XCConfigurationList;
			buildConfigurations = (
				06F6824E29408D4C0047E624 /* Debug */,
				06F6824F29408D4C0047E624 /* Release */,
			);
			defaultConfigurationIsVisible = 0;
			defaultConfigurationName = Release;
		};
		06F6825029408D4C0047E624 /* Build configuration list for PBXNativeTarget "covidA" */ = {
			isa = XCConfigurationList;
			buildConfigurations = (
				06F6825129408D4C0047E624 /* Debug */,
				06F6825229408D4C0047E624 /* Release */,
			);
			defaultConfigurationIsVisible = 0;
			defaultConfigurationName = Release;
		};
		06F6825329408D4C0047E624 /* Build configuration list for PBXNativeTarget "covidATests" */ = {
			isa = XCConfigurationList;
			buildConfigurations = (
				06F6825429408D4C0047E624 /* Debug */,
				06F6825529408D4C0047E624 /* Release */,
			);
			defaultConfigurationIsVisible = 0;
			defaultConfigurationName = Release;
		};
		06F6825629408D4C0047E624 /* Build configuration list for PBXNativeTarget "covidAUITests" */ = {
			isa = XCConfigurationList;
			buildConfigurations = (
				06F6825729408D4C0047E624 /* Debug */,
				06F6825829408D4C0047E624 /* Release */,
			);
			defaultConfigurationIsVisible = 0;
			defaultConfigurationName = Release;
		};
/* End XCConfigurationList section */
	};
	rootObject = 06F6821E29408D4A0047E624 /* Project object */;
}
