// !$*UTF8*$!
{
	archiveVersion = 1;
	classes = {
	};
	objectVersion = 56;
	objects = {

/* Begin PBXBuildFile section */
		063EEF0A29399A2E00E938D8 /* Diary.swift in Sources */ = {isa = PBXBuildFile; fileRef = 063EEF0929399A2E00E938D8 /* Diary.swift */; };
		06F538DF29385B640021A4A3 /* AppDelegate.swift in Sources */ = {isa = PBXBuildFile; fileRef = 06F538DE29385B640021A4A3 /* AppDelegate.swift */; };
		06F538E129385B640021A4A3 /* SceneDelegate.swift in Sources */ = {isa = PBXBuildFile; fileRef = 06F538E029385B640021A4A3 /* SceneDelegate.swift */; };
		06F538E329385B640021A4A3 /* ViewController.swift in Sources */ = {isa = PBXBuildFile; fileRef = 06F538E229385B640021A4A3 /* ViewController.swift */; };
		06F538E629385B640021A4A3 /* Main.storyboard in Resources */ = {isa = PBXBuildFile; fileRef = 06F538E429385B640021A4A3 /* Main.storyboard */; };
		06F538E829385B650021A4A3 /* Assets.xcassets in Resources */ = {isa = PBXBuildFile; fileRef = 06F538E729385B650021A4A3 /* Assets.xcassets */; };
		06F538EB29385B650021A4A3 /* LaunchScreen.storyboard in Resources */ = {isa = PBXBuildFile; fileRef = 06F538E929385B650021A4A3 /* LaunchScreen.storyboard */; };
		06F538F629385B650021A4A3 /* DiaryATests.swift in Sources */ = {isa = PBXBuildFile; fileRef = 06F538F529385B650021A4A3 /* DiaryATests.swift */; };
		06F5390029385B650021A4A3 /* DiaryAUITests.swift in Sources */ = {isa = PBXBuildFile; fileRef = 06F538FF29385B650021A4A3 /* DiaryAUITests.swift */; };
		06F5390229385B650021A4A3 /* DiaryAUITestsLaunchTests.swift in Sources */ = {isa = PBXBuildFile; fileRef = 06F5390129385B650021A4A3 /* DiaryAUITestsLaunchTests.swift */; };
		06F5390F293870740021A4A3 /* DiaryCell.swift in Sources */ = {isa = PBXBuildFile; fileRef = 06F5390E293870740021A4A3 /* DiaryCell.swift */; };
		06F53911293870B90021A4A3 /* StarViewController.swift in Sources */ = {isa = PBXBuildFile; fileRef = 06F53910293870B90021A4A3 /* StarViewController.swift */; };
		06F53913293873D10021A4A3 /* StarCell.swift in Sources */ = {isa = PBXBuildFile; fileRef = 06F53912293873D10021A4A3 /* StarCell.swift */; };
		06F53915293878880021A4A3 /* WriteDiaryViewController.swift in Sources */ = {isa = PBXBuildFile; fileRef = 06F53914293878880021A4A3 /* WriteDiaryViewController.swift */; };
		06F53917293879840021A4A3 /* DiaryDetailViewController.swift in Sources */ = {isa = PBXBuildFile; fileRef = 06F53916293879840021A4A3 /* DiaryDetailViewController.swift */; };
/* End PBXBuildFile section */

/* Begin PBXContainerItemProxy section */
		06F538F229385B650021A4A3 /* PBXContainerItemProxy */ = {
			isa = PBXContainerItemProxy;
			containerPortal = 06F538D329385B640021A4A3 /* Project object */;
			proxyType = 1;
			remoteGlobalIDString = 06F538DA29385B640021A4A3;
			remoteInfo = DiaryA;
		};
		06F538FC29385B650021A4A3 /* PBXContainerItemProxy */ = {
			isa = PBXContainerItemProxy;
			containerPortal = 06F538D329385B640021A4A3 /* Project object */;
			proxyType = 1;
			remoteGlobalIDString = 06F538DA29385B640021A4A3;
			remoteInfo = DiaryA;
		};
/* End PBXContainerItemProxy section */

/* Begin PBXFileReference section */
		063EEF0929399A2E00E938D8 /* Diary.swift */ = {isa = PBXFileReference; lastKnownFileType = sourcecode.swift; path = Diary.swift; sourceTree = "<group>"; };
		06F538DB29385B640021A4A3 /* DiaryA.app */ = {isa = PBXFileReference; explicitFileType = wrapper.application; includeInIndex = 0; path = DiaryA.app; sourceTree = BUILT_PRODUCTS_DIR; };
		06F538DE29385B640021A4A3 /* AppDelegate.swift */ = {isa = PBXFileReference; lastKnownFileType = sourcecode.swift; path = AppDelegate.swift; sourceTree = "<group>"; };
		06F538E029385B640021A4A3 /* SceneDelegate.swift */ = {isa = PBXFileReference; lastKnownFileType = sourcecode.swift; path = SceneDelegate.swift; sourceTree = "<group>"; };
		06F538E229385B640021A4A3 /* ViewController.swift */ = {isa = PBXFileReference; lastKnownFileType = sourcecode.swift; path = ViewController.swift; sourceTree = "<group>"; };
		06F538E529385B640021A4A3 /* Base */ = {isa = PBXFileReference; lastKnownFileType = file.storyboard; name = Base; path = Base.lproj/Main.storyboard; sourceTree = "<group>"; };
		06F538E729385B650021A4A3 /* Assets.xcassets */ = {isa = PBXFileReference; lastKnownFileType = folder.assetcatalog; path = Assets.xcassets; sourceTree = "<group>"; };
		06F538EA29385B650021A4A3 /* Base */ = {isa = PBXFileReference; lastKnownFileType = file.storyboard; name = Base; path = Base.lproj/LaunchScreen.storyboard; sourceTree = "<group>"; };
		06F538EC29385B650021A4A3 /* Info.plist */ = {isa = PBXFileReference; lastKnownFileType = text.plist.xml; path = Info.plist; sourceTree = "<group>"; };
		06F538F129385B650021A4A3 /* DiaryATests.xctest */ = {isa = PBXFileReference; explicitFileType = wrapper.cfbundle; includeInIndex = 0; path = DiaryATests.xctest; sourceTree = BUILT_PRODUCTS_DIR; };
		06F538F529385B650021A4A3 /* DiaryATests.swift */ = {isa = PBXFileReference; lastKnownFileType = sourcecode.swift; path = DiaryATests.swift; sourceTree = "<group>"; };
		06F538FB29385B650021A4A3 /* DiaryAUITests.xctest */ = {isa = PBXFileReference; explicitFileType = wrapper.cfbundle; includeInIndex = 0; path = DiaryAUITests.xctest; sourceTree = BUILT_PRODUCTS_DIR; };
		06F538FF29385B650021A4A3 /* DiaryAUITests.swift */ = {isa = PBXFileReference; lastKnownFileType = sourcecode.swift; path = DiaryAUITests.swift; sourceTree = "<group>"; };
		06F5390129385B650021A4A3 /* DiaryAUITestsLaunchTests.swift */ = {isa = PBXFileReference; lastKnownFileType = sourcecode.swift; path = DiaryAUITestsLaunchTests.swift; sourceTree = "<group>"; };
		06F5390E293870740021A4A3 /* DiaryCell.swift */ = {isa = PBXFileReference; lastKnownFileType = sourcecode.swift; path = DiaryCell.swift; sourceTree = "<group>"; };
		06F53910293870B90021A4A3 /* StarViewController.swift */ = {isa = PBXFileReference; lastKnownFileType = sourcecode.swift; path = StarViewController.swift; sourceTree = "<group>"; };
		06F53912293873D10021A4A3 /* StarCell.swift */ = {isa = PBXFileReference; lastKnownFileType = sourcecode.swift; path = StarCell.swift; sourceTree = "<group>"; };
		06F53914293878880021A4A3 /* WriteDiaryViewController.swift */ = {isa = PBXFileReference; lastKnownFileType = sourcecode.swift; path = WriteDiaryViewController.swift; sourceTree = "<group>"; };
		06F53916293879840021A4A3 /* DiaryDetailViewController.swift */ = {isa = PBXFileReference; lastKnownFileType = sourcecode.swift; path = DiaryDetailViewController.swift; sourceTree = "<group>"; };
/* End PBXFileReference section */

/* Begin PBXFrameworksBuildPhase section */
		06F538D829385B640021A4A3 /* Frameworks */ = {
			isa = PBXFrameworksBuildPhase;
			buildActionMask = 2147483647;
			files = (
			);
			runOnlyForDeploymentPostprocessing = 0;
		};
		06F538EE29385B650021A4A3 /* Frameworks */ = {
			isa = PBXFrameworksBuildPhase;
			buildActionMask = 2147483647;
			files = (
			);
			runOnlyForDeploymentPostprocessing = 0;
		};
		06F538F829385B650021A4A3 /* Frameworks */ = {
			isa = PBXFrameworksBuildPhase;
			buildActionMask = 2147483647;
			files = (
			);
			runOnlyForDeploymentPostprocessing = 0;
		};
/* End PBXFrameworksBuildPhase section */

/* Begin PBXGroup section */
		06F538D229385B640021A4A3 = {
			isa = PBXGroup;
			children = (
				06F538DD29385B640021A4A3 /* DiaryA */,
				06F538F429385B650021A4A3 /* DiaryATests */,
				06F538FE29385B650021A4A3 /* DiaryAUITests */,
				06F538DC29385B640021A4A3 /* Products */,
			);
			sourceTree = "<group>";
		};
		06F538DC29385B640021A4A3 /* Products */ = {
			isa = PBXGroup;
			children = (
				06F538DB29385B640021A4A3 /* DiaryA.app */,
				06F538F129385B650021A4A3 /* DiaryATests.xctest */,
				06F538FB29385B650021A4A3 /* DiaryAUITests.xctest */,
			);
			name = Products;
			sourceTree = "<group>";
		};
		06F538DD29385B640021A4A3 /* DiaryA */ = {
			isa = PBXGroup;
			children = (
				06F538DE29385B640021A4A3 /* AppDelegate.swift */,
				06F538E029385B640021A4A3 /* SceneDelegate.swift */,
				06F538E229385B640021A4A3 /* ViewController.swift */,
				06F538E429385B640021A4A3 /* Main.storyboard */,
				06F5390E293870740021A4A3 /* DiaryCell.swift */,
				06F538E729385B650021A4A3 /* Assets.xcassets */,
				06F53912293873D10021A4A3 /* StarCell.swift */,
				06F53916293879840021A4A3 /* DiaryDetailViewController.swift */,
				06F53914293878880021A4A3 /* WriteDiaryViewController.swift */,
				063EEF0929399A2E00E938D8 /* Diary.swift */,
				06F53910293870B90021A4A3 /* StarViewController.swift */,
				06F538E929385B650021A4A3 /* LaunchScreen.storyboard */,
				06F538EC29385B650021A4A3 /* Info.plist */,
			);
			path = DiaryA;
			sourceTree = "<group>";
		};
		06F538F429385B650021A4A3 /* DiaryATests */ = {
			isa = PBXGroup;
			children = (
				06F538F529385B650021A4A3 /* DiaryATests.swift */,
			);
			path = DiaryATests;
			sourceTree = "<group>";
		};
		06F538FE29385B650021A4A3 /* DiaryAUITests */ = {
			isa = PBXGroup;
			children = (
				06F538FF29385B650021A4A3 /* DiaryAUITests.swift */,
				06F5390129385B650021A4A3 /* DiaryAUITestsLaunchTests.swift */,
			);
			path = DiaryAUITests;
			sourceTree = "<group>";
		};
/* End PBXGroup section */

/* Begin PBXNativeTarget section */
		06F538DA29385B640021A4A3 /* DiaryA */ = {
			isa = PBXNativeTarget;
			buildConfigurationList = 06F5390529385B650021A4A3 /* Build configuration list for PBXNativeTarget "DiaryA" */;
			buildPhases = (
				06F538D729385B640021A4A3 /* Sources */,
				06F538D829385B640021A4A3 /* Frameworks */,
				06F538D929385B640021A4A3 /* Resources */,
			);
			buildRules = (
			);
			dependencies = (
			);
			name = DiaryA;
			productName = DiaryA;
			productReference = 06F538DB29385B640021A4A3 /* DiaryA.app */;
			productType = "com.apple.product-type.application";
		};
		06F538F029385B650021A4A3 /* DiaryATests */ = {
			isa = PBXNativeTarget;
			buildConfigurationList = 06F5390829385B650021A4A3 /* Build configuration list for PBXNativeTarget "DiaryATests" */;
			buildPhases = (
				06F538ED29385B650021A4A3 /* Sources */,
				06F538EE29385B650021A4A3 /* Frameworks */,
				06F538EF29385B650021A4A3 /* Resources */,
			);
			buildRules = (
			);
			dependencies = (
				06F538F329385B650021A4A3 /* PBXTargetDependency */,
			);
			name = DiaryATests;
			productName = DiaryATests;
			productReference = 06F538F129385B650021A4A3 /* DiaryATests.xctest */;
			productType = "com.apple.product-type.bundle.unit-test";
		};
		06F538FA29385B650021A4A3 /* DiaryAUITests */ = {
			isa = PBXNativeTarget;
			buildConfigurationList = 06F5390B29385B650021A4A3 /* Build configuration list for PBXNativeTarget "DiaryAUITests" */;
			buildPhases = (
				06F538F729385B650021A4A3 /* Sources */,
				06F538F829385B650021A4A3 /* Frameworks */,
				06F538F929385B650021A4A3 /* Resources */,
			);
			buildRules = (
			);
			dependencies = (
				06F538FD29385B650021A4A3 /* PBXTargetDependency */,
			);
			name = DiaryAUITests;
			productName = DiaryAUITests;
			productReference = 06F538FB29385B650021A4A3 /* DiaryAUITests.xctest */;
			productType = "com.apple.product-type.bundle.ui-testing";
		};
/* End PBXNativeTarget section */

/* Begin PBXProject section */
		06F538D329385B640021A4A3 /* Project object */ = {
			isa = PBXProject;
			attributes = {
				BuildIndependentTargetsInParallel = 1;
				LastSwiftUpdateCheck = 1410;
				LastUpgradeCheck = 1410;
				TargetAttributes = {
					06F538DA29385B640021A4A3 = {
						CreatedOnToolsVersion = 14.1;
					};
					06F538F029385B650021A4A3 = {
						CreatedOnToolsVersion = 14.1;
						TestTargetID = 06F538DA29385B640021A4A3;
					};
					06F538FA29385B650021A4A3 = {
						CreatedOnToolsVersion = 14.1;
						TestTargetID = 06F538DA29385B640021A4A3;
					};
				};
			};
			buildConfigurationList = 06F538D629385B640021A4A3 /* Build configuration list for PBXProject "DiaryA" */;
			compatibilityVersion = "Xcode 14.0";
			developmentRegion = en;
			hasScannedForEncodings = 0;
			knownRegions = (
				en,
				Base,
			);
			mainGroup = 06F538D229385B640021A4A3;
			productRefGroup = 06F538DC29385B640021A4A3 /* Products */;
			projectDirPath = "";
			projectRoot = "";
			targets = (
				06F538DA29385B640021A4A3 /* DiaryA */,
				06F538F029385B650021A4A3 /* DiaryATests */,
				06F538FA29385B650021A4A3 /* DiaryAUITests */,
			);
		};
/* End PBXProject section */

/* Begin PBXResourcesBuildPhase section */
		06F538D929385B640021A4A3 /* Resources */ = {
			isa = PBXResourcesBuildPhase;
			buildActionMask = 2147483647;
			files = (
				06F538EB29385B650021A4A3 /* LaunchScreen.storyboard in Resources */,
				06F538E829385B650021A4A3 /* Assets.xcassets in Resources */,
				06F538E629385B640021A4A3 /* Main.storyboard in Resources */,
			);
			runOnlyForDeploymentPostprocessing = 0;
		};
		06F538EF29385B650021A4A3 /* Resources */ = {
			isa = PBXResourcesBuildPhase;
			buildActionMask = 2147483647;
			files = (
			);
			runOnlyForDeploymentPostprocessing = 0;
		};
		06F538F929385B650021A4A3 /* Resources */ = {
			isa = PBXResourcesBuildPhase;
			buildActionMask = 2147483647;
			files = (
			);
			runOnlyForDeploymentPostprocessing = 0;
		};
/* End PBXResourcesBuildPhase section */

/* Begin PBXSourcesBuildPhase section */
		06F538D729385B640021A4A3 /* Sources */ = {
			isa = PBXSourcesBuildPhase;
			buildActionMask = 2147483647;
			files = (
				06F538E329385B640021A4A3 /* ViewController.swift in Sources */,
				06F53915293878880021A4A3 /* WriteDiaryViewController.swift in Sources */,
				06F53913293873D10021A4A3 /* StarCell.swift in Sources */,
				06F538DF29385B640021A4A3 /* AppDelegate.swift in Sources */,
				06F538E129385B640021A4A3 /* SceneDelegate.swift in Sources */,
				063EEF0A29399A2E00E938D8 /* Diary.swift in Sources */,
				06F53917293879840021A4A3 /* DiaryDetailViewController.swift in Sources */,
				06F5390F293870740021A4A3 /* DiaryCell.swift in Sources */,
				06F53911293870B90021A4A3 /* StarViewController.swift in Sources */,
			);
			runOnlyForDeploymentPostprocessing = 0;
		};
		06F538ED29385B650021A4A3 /* Sources */ = {
			isa = PBXSourcesBuildPhase;
			buildActionMask = 2147483647;
			files = (
				06F538F629385B650021A4A3 /* DiaryATests.swift in Sources */,
			);
			runOnlyForDeploymentPostprocessing = 0;
		};
		06F538F729385B650021A4A3 /* Sources */ = {
			isa = PBXSourcesBuildPhase;
			buildActionMask = 2147483647;
			files = (
				06F5390229385B650021A4A3 /* DiaryAUITestsLaunchTests.swift in Sources */,
				06F5390029385B650021A4A3 /* DiaryAUITests.swift in Sources */,
			);
			runOnlyForDeploymentPostprocessing = 0;
		};
/* End PBXSourcesBuildPhase section */

/* Begin PBXTargetDependency section */
		06F538F329385B650021A4A3 /* PBXTargetDependency */ = {
			isa = PBXTargetDependency;
			target = 06F538DA29385B640021A4A3 /* DiaryA */;
			targetProxy = 06F538F229385B650021A4A3 /* PBXContainerItemProxy */;
		};
		06F538FD29385B650021A4A3 /* PBXTargetDependency */ = {
			isa = PBXTargetDependency;
			target = 06F538DA29385B640021A4A3 /* DiaryA */;
			targetProxy = 06F538FC29385B650021A4A3 /* PBXContainerItemProxy */;
		};
/* End PBXTargetDependency section */

/* Begin PBXVariantGroup section */
		06F538E429385B640021A4A3 /* Main.storyboard */ = {
			isa = PBXVariantGroup;
			children = (
				06F538E529385B640021A4A3 /* Base */,
			);
			name = Main.storyboard;
			sourceTree = "<group>";
		};
		06F538E929385B650021A4A3 /* LaunchScreen.storyboard */ = {
			isa = PBXVariantGroup;
			children = (
				06F538EA29385B650021A4A3 /* Base */,
			);
			name = LaunchScreen.storyboard;
			sourceTree = "<group>";
		};
/* End PBXVariantGroup section */

/* Begin XCBuildConfiguration section */
		06F5390329385B650021A4A3 /* Debug */ = {
			isa = XCBuildConfiguration;
			buildSettings = {
				ALWAYS_SEARCH_USER_PATHS = NO;
				CLANG_ANALYZER_NONNULL = YES;
				CLANG_ANALYZER_NUMBER_OBJECT_CONVERSION = YES_AGGRESSIVE;
				CLANG_CXX_LANGUAGE_STANDARD = "gnu++20";
				CLANG_ENABLE_MODULES = YES;
				CLANG_ENABLE_OBJC_ARC = YES;
				CLANG_ENABLE_OBJC_WEAK = YES;
				CLANG_WARN_BLOCK_CAPTURE_AUTORELEASING = YES;
				CLANG_WARN_BOOL_CONVERSION = YES;
				CLANG_WARN_COMMA = YES;
				CLANG_WARN_CONSTANT_CONVERSION = YES;
				CLANG_WARN_DEPRECATED_OBJC_IMPLEMENTATIONS = YES;
				CLANG_WARN_DIRECT_OBJC_ISA_USAGE = YES_ERROR;
				CLANG_WARN_DOCUMENTATION_COMMENTS = YES;
				CLANG_WARN_EMPTY_BODY = YES;
				CLANG_WARN_ENUM_CONVERSION = YES;
				CLANG_WARN_INFINITE_RECURSION = YES;
				CLANG_WARN_INT_CONVERSION = YES;
				CLANG_WARN_NON_LITERAL_NULL_CONVERSION = YES;
				CLANG_WARN_OBJC_IMPLICIT_RETAIN_SELF = YES;
				CLANG_WARN_OBJC_LITERAL_CONVERSION = YES;
				CLANG_WARN_OBJC_ROOT_CLASS = YES_ERROR;
				CLANG_WARN_QUOTED_INCLUDE_IN_FRAMEWORK_HEADER = YES;
				CLANG_WARN_RANGE_LOOP_ANALYSIS = YES;
				CLANG_WARN_STRICT_PROTOTYPES = YES;
				CLANG_WARN_SUSPICIOUS_MOVE = YES;
				CLANG_WARN_UNGUARDED_AVAILABILITY = YES_AGGRESSIVE;
				CLANG_WARN_UNREACHABLE_CODE = YES;
				CLANG_WARN__DUPLICATE_METHOD_MATCH = YES;
				COPY_PHASE_STRIP = NO;
				DEBUG_INFORMATION_FORMAT = dwarf;
				ENABLE_STRICT_OBJC_MSGSEND = YES;
				ENABLE_TESTABILITY = YES;
				GCC_C_LANGUAGE_STANDARD = gnu11;
				GCC_DYNAMIC_NO_PIC = NO;
				GCC_NO_COMMON_BLOCKS = YES;
				GCC_OPTIMIZATION_LEVEL = 0;
				GCC_PREPROCESSOR_DEFINITIONS = (
					"DEBUG=1",
					"$(inherited)",
				);
				GCC_WARN_64_TO_32_BIT_CONVERSION = YES;
				GCC_WARN_ABOUT_RETURN_TYPE = YES_ERROR;
				GCC_WARN_UNDECLARED_SELECTOR = YES;
				GCC_WARN_UNINITIALIZED_AUTOS = YES_AGGRESSIVE;
				GCC_WARN_UNUSED_FUNCTION = YES;
				GCC_WARN_UNUSED_VARIABLE = YES;
				IPHONEOS_DEPLOYMENT_TARGET = 16.1;
				MTL_ENABLE_DEBUG_INFO = INCLUDE_SOURCE;
				MTL_FAST_MATH = YES;
				ONLY_ACTIVE_ARCH = YES;
				SDKROOT = iphoneos;
				SWIFT_ACTIVE_COMPILATION_CONDITIONS = DEBUG;
				SWIFT_OPTIMIZATION_LEVEL = "-Onone";
			};
			name = Debug;
		};
		06F5390429385B650021A4A3 /* Release */ = {
			isa = XCBuildConfiguration;
			buildSettings = {
				ALWAYS_SEARCH_USER_PATHS = NO;
				CLANG_ANALYZER_NONNULL = YES;
				CLANG_ANALYZER_NUMBER_OBJECT_CONVERSION = YES_AGGRESSIVE;
				CLANG_CXX_LANGUAGE_STANDARD = "gnu++20";
				CLANG_ENABLE_MODULES = YES;
				CLANG_ENABLE_OBJC_ARC = YES;
				CLANG_ENABLE_OBJC_WEAK = YES;
				CLANG_WARN_BLOCK_CAPTURE_AUTORELEASING = YES;
				CLANG_WARN_BOOL_CONVERSION = YES;
				CLANG_WARN_COMMA = YES;
				CLANG_WARN_CONSTANT_CONVERSION = YES;
				CLANG_WARN_DEPRECATED_OBJC_IMPLEMENTATIONS = YES;
				CLANG_WARN_DIRECT_OBJC_ISA_USAGE = YES_ERROR;
				CLANG_WARN_DOCUMENTATION_COMMENTS = YES;
				CLANG_WARN_EMPTY_BODY = YES;
				CLANG_WARN_ENUM_CONVERSION = YES;
				CLANG_WARN_INFINITE_RECURSION = YES;
				CLANG_WARN_INT_CONVERSION = YES;
				CLANG_WARN_NON_LITERAL_NULL_CONVERSION = YES;
				CLANG_WARN_OBJC_IMPLICIT_RETAIN_SELF = YES;
				CLANG_WARN_OBJC_LITERAL_CONVERSION = YES;
				CLANG_WARN_OBJC_ROOT_CLASS = YES_ERROR;
				CLANG_WARN_QUOTED_INCLUDE_IN_FRAMEWORK_HEADER = YES;
				CLANG_WARN_RANGE_LOOP_ANALYSIS = YES;
				CLANG_WARN_STRICT_PROTOTYPES = YES;
				CLANG_WARN_SUSPICIOUS_MOVE = YES;
				CLANG_WARN_UNGUARDED_AVAILABILITY = YES_AGGRESSIVE;
				CLANG_WARN_UNREACHABLE_CODE = YES;
				CLANG_WARN__DUPLICATE_METHOD_MATCH = YES;
				COPY_PHASE_STRIP = NO;
				DEBUG_INFORMATION_FORMAT = "dwarf-with-dsym";
				ENABLE_NS_ASSERTIONS = NO;
				ENABLE_STRICT_OBJC_MSGSEND = YES;
				GCC_C_LANGUAGE_STANDARD = gnu11;
				GCC_NO_COMMON_BLOCKS = YES;
				GCC_WARN_64_TO_32_BIT_CONVERSION = YES;
				GCC_WARN_ABOUT_RETURN_TYPE = YES_ERROR;
				GCC_WARN_UNDECLARED_SELECTOR = YES;
				GCC_WARN_UNINITIALIZED_AUTOS = YES_AGGRESSIVE;
				GCC_WARN_UNUSED_FUNCTION = YES;
				GCC_WARN_UNUSED_VARIABLE = YES;
				IPHONEOS_DEPLOYMENT_TARGET = 16.1;
				MTL_ENABLE_DEBUG_INFO = NO;
				MTL_FAST_MATH = YES;
				SDKROOT = iphoneos;
				SWIFT_COMPILATION_MODE = wholemodule;
				SWIFT_OPTIMIZATION_LEVEL = "-O";
				VALIDATE_PRODUCT = YES;
			};
			name = Release;
		};
		06F5390629385B650021A4A3 /* Debug */ = {
			isa = XCBuildConfiguration;
			buildSettings = {
				ASSETCATALOG_COMPILER_APPICON_NAME = AppIcon;
				ASSETCATALOG_COMPILER_GLOBAL_ACCENT_COLOR_NAME = AccentColor;
				CODE_SIGN_STYLE = Automatic;
				CURRENT_PROJECT_VERSION = 1;
				DEVELOPMENT_TEAM = UGFP3W9FTD;
				GENERATE_INFOPLIST_FILE = YES;
				INFOPLIST_FILE = DiaryA/Info.plist;
				INFOPLIST_KEY_UIApplicationSupportsIndirectInputEvents = YES;
				INFOPLIST_KEY_UILaunchStoryboardName = LaunchScreen;
				INFOPLIST_KEY_UIMainStoryboardFile = Main;
				INFOPLIST_KEY_UISupportedInterfaceOrientations_iPad = "UIInterfaceOrientationPortrait UIInterfaceOrientationPortraitUpsideDown UIInterfaceOrientationLandscapeLeft UIInterfaceOrientationLandscapeRight";
				INFOPLIST_KEY_UISupportedInterfaceOrientations_iPhone = "UIInterfaceOrientationPortrait UIInterfaceOrientationLandscapeLeft UIInterfaceOrientationLandscapeRight";
				LD_RUNPATH_SEARCH_PATHS = (
					"$(inherited)",
					"@executable_path/Frameworks",
				);
				MARKETING_VERSION = 1.0;
				PRODUCT_BUNDLE_IDENTIFIER = com.practice.DiaryA;
				PRODUCT_NAME = "$(TARGET_NAME)";
				SWIFT_EMIT_LOC_STRINGS = YES;
				SWIFT_VERSION = 5.0;
				TARGETED_DEVICE_FAMILY = "1,2";
			};
			name = Debug;
		};
		06F5390729385B650021A4A3 /* Release */ = {
			isa = XCBuildConfiguration;
			buildSettings = {
				ASSETCATALOG_COMPILER_APPICON_NAME = AppIcon;
				ASSETCATALOG_COMPILER_GLOBAL_ACCENT_COLOR_NAME = AccentColor;
				CODE_SIGN_STYLE = Automatic;
				CURRENT_PROJECT_VERSION = 1;
				DEVELOPMENT_TEAM = UGFP3W9FTD;
				GENERATE_INFOPLIST_FILE = YES;
				INFOPLIST_FILE = DiaryA/Info.plist;
				INFOPLIST_KEY_UIApplicationSupportsIndirectInputEvents = YES;
				INFOPLIST_KEY_UILaunchStoryboardName = LaunchScreen;
				INFOPLIST_KEY_UIMainStoryboardFile = Main;
				INFOPLIST_KEY_UISupportedInterfaceOrientations_iPad = "UIInterfaceOrientationPortrait UIInterfaceOrientationPortraitUpsideDown UIInterfaceOrientationLandscapeLeft UIInterfaceOrientationLandscapeRight";
				INFOPLIST_KEY_UISupportedInterfaceOrientations_iPhone = "UIInterfaceOrientationPortrait UIInterfaceOrientationLandscapeLeft UIInterfaceOrientationLandscapeRight";
				LD_RUNPATH_SEARCH_PATHS = (
					"$(inherited)",
					"@executable_path/Frameworks",
				);
				MARKETING_VERSION = 1.0;
				PRODUCT_BUNDLE_IDENTIFIER = com.practice.DiaryA;
				PRODUCT_NAME = "$(TARGET_NAME)";
				SWIFT_EMIT_LOC_STRINGS = YES;
				SWIFT_VERSION = 5.0;
				TARGETED_DEVICE_FAMILY = "1,2";
			};
			name = Release;
		};
		06F5390929385B650021A4A3 /* Debug */ = {
			isa = XCBuildConfiguration;
			buildSettings = {
				ALWAYS_EMBED_SWIFT_STANDARD_LIBRARIES = YES;
				BUNDLE_LOADER = "$(TEST_HOST)";
				CODE_SIGN_STYLE = Automatic;
				CURRENT_PROJECT_VERSION = 1;
				DEVELOPMENT_TEAM = UGFP3W9FTD;
				GENERATE_INFOPLIST_FILE = YES;
				IPHONEOS_DEPLOYMENT_TARGET = 16.1;
				MARKETING_VERSION = 1.0;
				PRODUCT_BUNDLE_IDENTIFIER = com.practice.DiaryATests;
				PRODUCT_NAME = "$(TARGET_NAME)";
				SWIFT_EMIT_LOC_STRINGS = NO;
				SWIFT_VERSION = 5.0;
				TARGETED_DEVICE_FAMILY = "1,2";
				TEST_HOST = "$(BUILT_PRODUCTS_DIR)/DiaryA.app/$(BUNDLE_EXECUTABLE_FOLDER_PATH)/DiaryA";
			};
			name = Debug;
		};
		06F5390A29385B650021A4A3 /* Release */ = {
			isa = XCBuildConfiguration;
			buildSettings = {
				ALWAYS_EMBED_SWIFT_STANDARD_LIBRARIES = YES;
				BUNDLE_LOADER = "$(TEST_HOST)";
				CODE_SIGN_STYLE = Automatic;
				CURRENT_PROJECT_VERSION = 1;
				DEVELOPMENT_TEAM = UGFP3W9FTD;
				GENERATE_INFOPLIST_FILE = YES;
				IPHONEOS_DEPLOYMENT_TARGET = 16.1;
				MARKETING_VERSION = 1.0;
				PRODUCT_BUNDLE_IDENTIFIER = com.practice.DiaryATests;
				PRODUCT_NAME = "$(TARGET_NAME)";
				SWIFT_EMIT_LOC_STRINGS = NO;
				SWIFT_VERSION = 5.0;
				TARGETED_DEVICE_FAMILY = "1,2";
				TEST_HOST = "$(BUILT_PRODUCTS_DIR)/DiaryA.app/$(BUNDLE_EXECUTABLE_FOLDER_PATH)/DiaryA";
			};
			name = Release;
		};
		06F5390C29385B650021A4A3 /* Debug */ = {
			isa = XCBuildConfiguration;
			buildSettings = {
				ALWAYS_EMBED_SWIFT_STANDARD_LIBRARIES = YES;
				CODE_SIGN_STYLE = Automatic;
				CURRENT_PROJECT_VERSION = 1;
				DEVELOPMENT_TEAM = UGFP3W9FTD;
				GENERATE_INFOPLIST_FILE = YES;
				MARKETING_VERSION = 1.0;
				PRODUCT_BUNDLE_IDENTIFIER = com.practice.DiaryAUITests;
				PRODUCT_NAME = "$(TARGET_NAME)";
				SWIFT_EMIT_LOC_STRINGS = NO;
				SWIFT_VERSION = 5.0;
				TARGETED_DEVICE_FAMILY = "1,2";
				TEST_TARGET_NAME = DiaryA;
			};
			name = Debug;
		};
		06F5390D29385B650021A4A3 /* Release */ = {
			isa = XCBuildConfiguration;
			buildSettings = {
				ALWAYS_EMBED_SWIFT_STANDARD_LIBRARIES = YES;
				CODE_SIGN_STYLE = Automatic;
				CURRENT_PROJECT_VERSION = 1;
				DEVELOPMENT_TEAM = UGFP3W9FTD;
				GENERATE_INFOPLIST_FILE = YES;
				MARKETING_VERSION = 1.0;
				PRODUCT_BUNDLE_IDENTIFIER = com.practice.DiaryAUITests;
				PRODUCT_NAME = "$(TARGET_NAME)";
				SWIFT_EMIT_LOC_STRINGS = NO;
				SWIFT_VERSION = 5.0;
				TARGETED_DEVICE_FAMILY = "1,2";
				TEST_TARGET_NAME = DiaryA;
			};
			name = Release;
		};
/* End XCBuildConfiguration section */

/* Begin XCConfigurationList section */
		06F538D629385B640021A4A3 /* Build configuration list for PBXProject "DiaryA" */ = {
			isa = XCConfigurationList;
			buildConfigurations = (
				06F5390329385B650021A4A3 /* Debug */,
				06F5390429385B650021A4A3 /* Release */,
			);
			defaultConfigurationIsVisible = 0;
			defaultConfigurationName = Release;
		};
		06F5390529385B650021A4A3 /* Build configuration list for PBXNativeTarget "DiaryA" */ = {
			isa = XCConfigurationList;
			buildConfigurations = (
				06F5390629385B650021A4A3 /* Debug */,
				06F5390729385B650021A4A3 /* Release */,
			);
			defaultConfigurationIsVisible = 0;
			defaultConfigurationName = Release;
		};
		06F5390829385B650021A4A3 /* Build configuration list for PBXNativeTarget "DiaryATests" */ = {
			isa = XCConfigurationList;
			buildConfigurations = (
				06F5390929385B650021A4A3 /* Debug */,
				06F5390A29385B650021A4A3 /* Release */,
			);
			defaultConfigurationIsVisible = 0;
			defaultConfigurationName = Release;
		};
		06F5390B29385B650021A4A3 /* Build configuration list for PBXNativeTarget "DiaryAUITests" */ = {
			isa = XCConfigurationList;
			buildConfigurations = (
				06F5390C29385B650021A4A3 /* Debug */,
				06F5390D29385B650021A4A3 /* Release */,
			);
			defaultConfigurationIsVisible = 0;
			defaultConfigurationName = Release;
		};
/* End XCConfigurationList section */
	};
	rootObject = 06F538D329385B640021A4A3 /* Project object */;
}
