// !$*UTF8*$!
{
	archiveVersion = 1;
	classes = {
	};
	objectVersion = 56;
	objects = {

/* Begin PBXBuildFile section */
		063339F1297784A000D8575C /* AppDelegate.swift in Sources */ = {isa = PBXBuildFile; fileRef = 063339F0297784A000D8575C /* AppDelegate.swift */; };
		063339F3297784A000D8575C /* SceneDelegate.swift in Sources */ = {isa = PBXBuildFile; fileRef = 063339F2297784A000D8575C /* SceneDelegate.swift */; };
		063339F5297784A000D8575C /* ViewController.swift in Sources */ = {isa = PBXBuildFile; fileRef = 063339F4297784A000D8575C /* ViewController.swift */; };
		063339F8297784A000D8575C /* Main.storyboard in Resources */ = {isa = PBXBuildFile; fileRef = 063339F6297784A000D8575C /* Main.storyboard */; };
		063339FB297784A000D8575C /* TodoWithCoreData.xcdatamodeld in Sources */ = {isa = PBXBuildFile; fileRef = 063339F9297784A000D8575C /* TodoWithCoreData.xcdatamodeld */; };
		063339FD297784A200D8575C /* Assets.xcassets in Resources */ = {isa = PBXBuildFile; fileRef = 063339FC297784A200D8575C /* Assets.xcassets */; };
		06333A00297784A200D8575C /* LaunchScreen.storyboard in Resources */ = {isa = PBXBuildFile; fileRef = 063339FE297784A200D8575C /* LaunchScreen.storyboard */; };
		06333A0B297784A200D8575C /* TodoWithCoreDataTests.swift in Sources */ = {isa = PBXBuildFile; fileRef = 06333A0A297784A200D8575C /* TodoWithCoreDataTests.swift */; };
		06333A15297784A200D8575C /* TodoWithCoreDataUITests.swift in Sources */ = {isa = PBXBuildFile; fileRef = 06333A14297784A200D8575C /* TodoWithCoreDataUITests.swift */; };
		06333A17297784A200D8575C /* TodoWithCoreDataUITestsLaunchTests.swift in Sources */ = {isa = PBXBuildFile; fileRef = 06333A16297784A200D8575C /* TodoWithCoreDataUITestsLaunchTests.swift */; };
		06333A24297796EC00D8575C /* TodoCell.swift in Sources */ = {isa = PBXBuildFile; fileRef = 06333A23297796EC00D8575C /* TodoCell.swift */; };
		06B496C22977C72A00DB71E7 /* TodoDetailViewController.swift in Sources */ = {isa = PBXBuildFile; fileRef = 06B496C02977C72A00DB71E7 /* TodoDetailViewController.swift */; };
		06B496C32977C72A00DB71E7 /* TodoDetailViewController.xib in Resources */ = {isa = PBXBuildFile; fileRef = 06B496C12977C72A00DB71E7 /* TodoDetailViewController.xib */; };
/* End PBXBuildFile section */

/* Begin PBXContainerItemProxy section */
		06333A07297784A200D8575C /* PBXContainerItemProxy */ = {
			isa = PBXContainerItemProxy;
			containerPortal = 063339E5297784A000D8575C /* Project object */;
			proxyType = 1;
			remoteGlobalIDString = 063339EC297784A000D8575C;
			remoteInfo = TodoWithCoreData;
		};
		06333A11297784A200D8575C /* PBXContainerItemProxy */ = {
			isa = PBXContainerItemProxy;
			containerPortal = 063339E5297784A000D8575C /* Project object */;
			proxyType = 1;
			remoteGlobalIDString = 063339EC297784A000D8575C;
			remoteInfo = TodoWithCoreData;
		};
/* End PBXContainerItemProxy section */

/* Begin PBXFileReference section */
		063339ED297784A000D8575C /* TodoWithCoreData.app */ = {isa = PBXFileReference; explicitFileType = wrapper.application; includeInIndex = 0; path = TodoWithCoreData.app; sourceTree = BUILT_PRODUCTS_DIR; };
		063339F0297784A000D8575C /* AppDelegate.swift */ = {isa = PBXFileReference; lastKnownFileType = sourcecode.swift; path = AppDelegate.swift; sourceTree = "<group>"; };
		063339F2297784A000D8575C /* SceneDelegate.swift */ = {isa = PBXFileReference; lastKnownFileType = sourcecode.swift; path = SceneDelegate.swift; sourceTree = "<group>"; };
		063339F4297784A000D8575C /* ViewController.swift */ = {isa = PBXFileReference; lastKnownFileType = sourcecode.swift; path = ViewController.swift; sourceTree = "<group>"; };
		063339F7297784A000D8575C /* Base */ = {isa = PBXFileReference; lastKnownFileType = file.storyboard; name = Base; path = Base.lproj/Main.storyboard; sourceTree = "<group>"; };
		063339FA297784A000D8575C /* TodoWithCoreData.xcdatamodel */ = {isa = PBXFileReference; lastKnownFileType = wrapper.xcdatamodel; path = TodoWithCoreData.xcdatamodel; sourceTree = "<group>"; };
		063339FC297784A200D8575C /* Assets.xcassets */ = {isa = PBXFileReference; lastKnownFileType = folder.assetcatalog; path = Assets.xcassets; sourceTree = "<group>"; };
		063339FF297784A200D8575C /* Base */ = {isa = PBXFileReference; lastKnownFileType = file.storyboard; name = Base; path = Base.lproj/LaunchScreen.storyboard; sourceTree = "<group>"; };
		06333A01297784A200D8575C /* Info.plist */ = {isa = PBXFileReference; lastKnownFileType = text.plist.xml; path = Info.plist; sourceTree = "<group>"; };
		06333A06297784A200D8575C /* TodoWithCoreDataTests.xctest */ = {isa = PBXFileReference; explicitFileType = wrapper.cfbundle; includeInIndex = 0; path = TodoWithCoreDataTests.xctest; sourceTree = BUILT_PRODUCTS_DIR; };
		06333A0A297784A200D8575C /* TodoWithCoreDataTests.swift */ = {isa = PBXFileReference; lastKnownFileType = sourcecode.swift; path = TodoWithCoreDataTests.swift; sourceTree = "<group>"; };
		06333A10297784A200D8575C /* TodoWithCoreDataUITests.xctest */ = {isa = PBXFileReference; explicitFileType = wrapper.cfbundle; includeInIndex = 0; path = TodoWithCoreDataUITests.xctest; sourceTree = BUILT_PRODUCTS_DIR; };
		06333A14297784A200D8575C /* TodoWithCoreDataUITests.swift */ = {isa = PBXFileReference; lastKnownFileType = sourcecode.swift; path = TodoWithCoreDataUITests.swift; sourceTree = "<group>"; };
		06333A16297784A200D8575C /* TodoWithCoreDataUITestsLaunchTests.swift */ = {isa = PBXFileReference; lastKnownFileType = sourcecode.swift; path = TodoWithCoreDataUITestsLaunchTests.swift; sourceTree = "<group>"; };
		06333A23297796EC00D8575C /* TodoCell.swift */ = {isa = PBXFileReference; lastKnownFileType = sourcecode.swift; path = TodoCell.swift; sourceTree = "<group>"; };
		06B496C02977C72A00DB71E7 /* TodoDetailViewController.swift */ = {isa = PBXFileReference; lastKnownFileType = sourcecode.swift; path = TodoDetailViewController.swift; sourceTree = "<group>"; };
		06B496C12977C72A00DB71E7 /* TodoDetailViewController.xib */ = {isa = PBXFileReference; lastKnownFileType = file.xib; path = TodoDetailViewController.xib; sourceTree = "<group>"; };
/* End PBXFileReference section */

/* Begin PBXFrameworksBuildPhase section */
		063339EA297784A000D8575C /* Frameworks */ = {
			isa = PBXFrameworksBuildPhase;
			buildActionMask = 2147483647;
			files = (
			);
			runOnlyForDeploymentPostprocessing = 0;
		};
		06333A03297784A200D8575C /* Frameworks */ = {
			isa = PBXFrameworksBuildPhase;
			buildActionMask = 2147483647;
			files = (
			);
			runOnlyForDeploymentPostprocessing = 0;
		};
		06333A0D297784A200D8575C /* Frameworks */ = {
			isa = PBXFrameworksBuildPhase;
			buildActionMask = 2147483647;
			files = (
			);
			runOnlyForDeploymentPostprocessing = 0;
		};
/* End PBXFrameworksBuildPhase section */

/* Begin PBXGroup section */
		063339E4297784A000D8575C = {
			isa = PBXGroup;
			children = (
				063339EF297784A000D8575C /* TodoWithCoreData */,
				06333A09297784A200D8575C /* TodoWithCoreDataTests */,
				06333A13297784A200D8575C /* TodoWithCoreDataUITests */,
				063339EE297784A000D8575C /* Products */,
			);
			sourceTree = "<group>";
		};
		063339EE297784A000D8575C /* Products */ = {
			isa = PBXGroup;
			children = (
				063339ED297784A000D8575C /* TodoWithCoreData.app */,
				06333A06297784A200D8575C /* TodoWithCoreDataTests.xctest */,
				06333A10297784A200D8575C /* TodoWithCoreDataUITests.xctest */,
			);
			name = Products;
			sourceTree = "<group>";
		};
		063339EF297784A000D8575C /* TodoWithCoreData */ = {
			isa = PBXGroup;
			children = (
				063339F0297784A000D8575C /* AppDelegate.swift */,
				063339F2297784A000D8575C /* SceneDelegate.swift */,
				063339F4297784A000D8575C /* ViewController.swift */,
				06333A23297796EC00D8575C /* TodoCell.swift */,
				06B496C02977C72A00DB71E7 /* TodoDetailViewController.swift */,
				06B496C12977C72A00DB71E7 /* TodoDetailViewController.xib */,
				063339F6297784A000D8575C /* Main.storyboard */,
				063339FC297784A200D8575C /* Assets.xcassets */,
				063339FE297784A200D8575C /* LaunchScreen.storyboard */,
				06333A01297784A200D8575C /* Info.plist */,
				063339F9297784A000D8575C /* TodoWithCoreData.xcdatamodeld */,
			);
			path = TodoWithCoreData;
			sourceTree = "<group>";
		};
		06333A09297784A200D8575C /* TodoWithCoreDataTests */ = {
			isa = PBXGroup;
			children = (
				06333A0A297784A200D8575C /* TodoWithCoreDataTests.swift */,
			);
			path = TodoWithCoreDataTests;
			sourceTree = "<group>";
		};
		06333A13297784A200D8575C /* TodoWithCoreDataUITests */ = {
			isa = PBXGroup;
			children = (
				06333A14297784A200D8575C /* TodoWithCoreDataUITests.swift */,
				06333A16297784A200D8575C /* TodoWithCoreDataUITestsLaunchTests.swift */,
			);
			path = TodoWithCoreDataUITests;
			sourceTree = "<group>";
		};
/* End PBXGroup section */

/* Begin PBXNativeTarget section */
		063339EC297784A000D8575C /* TodoWithCoreData */ = {
			isa = PBXNativeTarget;
			buildConfigurationList = 06333A1A297784A200D8575C /* Build configuration list for PBXNativeTarget "TodoWithCoreData" */;
			buildPhases = (
				063339E9297784A000D8575C /* Sources */,
				063339EA297784A000D8575C /* Frameworks */,
				063339EB297784A000D8575C /* Resources */,
			);
			buildRules = (
			);
			dependencies = (
			);
			name = TodoWithCoreData;
			productName = TodoWithCoreData;
			productReference = 063339ED297784A000D8575C /* TodoWithCoreData.app */;
			productType = "com.apple.product-type.application";
		};
		06333A05297784A200D8575C /* TodoWithCoreDataTests */ = {
			isa = PBXNativeTarget;
			buildConfigurationList = 06333A1D297784A200D8575C /* Build configuration list for PBXNativeTarget "TodoWithCoreDataTests" */;
			buildPhases = (
				06333A02297784A200D8575C /* Sources */,
				06333A03297784A200D8575C /* Frameworks */,
				06333A04297784A200D8575C /* Resources */,
			);
			buildRules = (
			);
			dependencies = (
				06333A08297784A200D8575C /* PBXTargetDependency */,
			);
			name = TodoWithCoreDataTests;
			productName = TodoWithCoreDataTests;
			productReference = 06333A06297784A200D8575C /* TodoWithCoreDataTests.xctest */;
			productType = "com.apple.product-type.bundle.unit-test";
		};
		06333A0F297784A200D8575C /* TodoWithCoreDataUITests */ = {
			isa = PBXNativeTarget;
			buildConfigurationList = 06333A20297784A200D8575C /* Build configuration list for PBXNativeTarget "TodoWithCoreDataUITests" */;
			buildPhases = (
				06333A0C297784A200D8575C /* Sources */,
				06333A0D297784A200D8575C /* Frameworks */,
				06333A0E297784A200D8575C /* Resources */,
			);
			buildRules = (
			);
			dependencies = (
				06333A12297784A200D8575C /* PBXTargetDependency */,
			);
			name = TodoWithCoreDataUITests;
			productName = TodoWithCoreDataUITests;
			productReference = 06333A10297784A200D8575C /* TodoWithCoreDataUITests.xctest */;
			productType = "com.apple.product-type.bundle.ui-testing";
		};
/* End PBXNativeTarget section */

/* Begin PBXProject section */
		063339E5297784A000D8575C /* Project object */ = {
			isa = PBXProject;
			attributes = {
				BuildIndependentTargetsInParallel = 1;
				LastSwiftUpdateCheck = 1410;
				LastUpgradeCheck = 1410;
				TargetAttributes = {
					063339EC297784A000D8575C = {
						CreatedOnToolsVersion = 14.1;
					};
					06333A05297784A200D8575C = {
						CreatedOnToolsVersion = 14.1;
						TestTargetID = 063339EC297784A000D8575C;
					};
					06333A0F297784A200D8575C = {
						CreatedOnToolsVersion = 14.1;
						TestTargetID = 063339EC297784A000D8575C;
					};
				};
			};
			buildConfigurationList = 063339E8297784A000D8575C /* Build configuration list for PBXProject "TodoWithCoreData" */;
			compatibilityVersion = "Xcode 14.0";
			developmentRegion = en;
			hasScannedForEncodings = 0;
			knownRegions = (
				en,
				Base,
			);
			mainGroup = 063339E4297784A000D8575C;
			productRefGroup = 063339EE297784A000D8575C /* Products */;
			projectDirPath = "";
			projectRoot = "";
			targets = (
				063339EC297784A000D8575C /* TodoWithCoreData */,
				06333A05297784A200D8575C /* TodoWithCoreDataTests */,
				06333A0F297784A200D8575C /* TodoWithCoreDataUITests */,
			);
		};
/* End PBXProject section */

/* Begin PBXResourcesBuildPhase section */
		063339EB297784A000D8575C /* Resources */ = {
			isa = PBXResourcesBuildPhase;
			buildActionMask = 2147483647;
			files = (
				06333A00297784A200D8575C /* LaunchScreen.storyboard in Resources */,
				06B496C32977C72A00DB71E7 /* TodoDetailViewController.xib in Resources */,
				063339FD297784A200D8575C /* Assets.xcassets in Resources */,
				063339F8297784A000D8575C /* Main.storyboard in Resources */,
			);
			runOnlyForDeploymentPostprocessing = 0;
		};
		06333A04297784A200D8575C /* Resources */ = {
			isa = PBXResourcesBuildPhase;
			buildActionMask = 2147483647;
			files = (
			);
			runOnlyForDeploymentPostprocessing = 0;
		};
		06333A0E297784A200D8575C /* Resources */ = {
			isa = PBXResourcesBuildPhase;
			buildActionMask = 2147483647;
			files = (
			);
			runOnlyForDeploymentPostprocessing = 0;
		};
/* End PBXResourcesBuildPhase section */

/* Begin PBXSourcesBuildPhase section */
		063339E9297784A000D8575C /* Sources */ = {
			isa = PBXSourcesBuildPhase;
			buildActionMask = 2147483647;
			files = (
				063339F5297784A000D8575C /* ViewController.swift in Sources */,
				063339F1297784A000D8575C /* AppDelegate.swift in Sources */,
				063339FB297784A000D8575C /* TodoWithCoreData.xcdatamodeld in Sources */,
				06333A24297796EC00D8575C /* TodoCell.swift in Sources */,
				063339F3297784A000D8575C /* SceneDelegate.swift in Sources */,
				06B496C22977C72A00DB71E7 /* TodoDetailViewController.swift in Sources */,
			);
			runOnlyForDeploymentPostprocessing = 0;
		};
		06333A02297784A200D8575C /* Sources */ = {
			isa = PBXSourcesBuildPhase;
			buildActionMask = 2147483647;
			files = (
				06333A0B297784A200D8575C /* TodoWithCoreDataTests.swift in Sources */,
			);
			runOnlyForDeploymentPostprocessing = 0;
		};
		06333A0C297784A200D8575C /* Sources */ = {
			isa = PBXSourcesBuildPhase;
			buildActionMask = 2147483647;
			files = (
				06333A15297784A200D8575C /* TodoWithCoreDataUITests.swift in Sources */,
				06333A17297784A200D8575C /* TodoWithCoreDataUITestsLaunchTests.swift in Sources */,
			);
			runOnlyForDeploymentPostprocessing = 0;
		};
/* End PBXSourcesBuildPhase section */

/* Begin PBXTargetDependency section */
		06333A08297784A200D8575C /* PBXTargetDependency */ = {
			isa = PBXTargetDependency;
			target = 063339EC297784A000D8575C /* TodoWithCoreData */;
			targetProxy = 06333A07297784A200D8575C /* PBXContainerItemProxy */;
		};
		06333A12297784A200D8575C /* PBXTargetDependency */ = {
			isa = PBXTargetDependency;
			target = 063339EC297784A000D8575C /* TodoWithCoreData */;
			targetProxy = 06333A11297784A200D8575C /* PBXContainerItemProxy */;
		};
/* End PBXTargetDependency section */

/* Begin PBXVariantGroup section */
		063339F6297784A000D8575C /* Main.storyboard */ = {
			isa = PBXVariantGroup;
			children = (
				063339F7297784A000D8575C /* Base */,
			);
			name = Main.storyboard;
			sourceTree = "<group>";
		};
		063339FE297784A200D8575C /* LaunchScreen.storyboard */ = {
			isa = PBXVariantGroup;
			children = (
				063339FF297784A200D8575C /* Base */,
			);
			name = LaunchScreen.storyboard;
			sourceTree = "<group>";
		};
/* End PBXVariantGroup section */

/* Begin XCBuildConfiguration section */
		06333A18297784A200D8575C /* Debug */ = {
			isa = XCBuildConfiguration;
			buildSettings = {
				ALWAYS_SEARCH_USER_PATHS = NO;
				CLANG_ANALYZER_NONNULL = YES;
				CLANG_ANALYZER_NUMBER_OBJECT_CONVERSION = YES_AGGRESSIVE;
				CLANG_CXX_LANGUAGE_STANDARD = "gnu++20";
				CLANG_ENABLE_MODULES = YES;
				CLANG_ENABLE_OBJC_ARC = YES;
				CLANG_ENABLE_OBJC_WEAK = YES;
				CLANG_WARN_BLOCK_CAPTURE_AUTORELEASING = YES;
				CLANG_WARN_BOOL_CONVERSION = YES;
				CLANG_WARN_COMMA = YES;
				CLANG_WARN_CONSTANT_CONVERSION = YES;
				CLANG_WARN_DEPRECATED_OBJC_IMPLEMENTATIONS = YES;
				CLANG_WARN_DIRECT_OBJC_ISA_USAGE = YES_ERROR;
				CLANG_WARN_DOCUMENTATION_COMMENTS = YES;
				CLANG_WARN_EMPTY_BODY = YES;
				CLANG_WARN_ENUM_CONVERSION = YES;
				CLANG_WARN_INFINITE_RECURSION = YES;
				CLANG_WARN_INT_CONVERSION = YES;
				CLANG_WARN_NON_LITERAL_NULL_CONVERSION = YES;
				CLANG_WARN_OBJC_IMPLICIT_RETAIN_SELF = YES;
				CLANG_WARN_OBJC_LITERAL_CONVERSION = YES;
				CLANG_WARN_OBJC_ROOT_CLASS = YES_ERROR;
				CLANG_WARN_QUOTED_INCLUDE_IN_FRAMEWORK_HEADER = YES;
				CLANG_WARN_RANGE_LOOP_ANALYSIS = YES;
				CLANG_WARN_STRICT_PROTOTYPES = YES;
				CLANG_WARN_SUSPICIOUS_MOVE = YES;
				CLANG_WARN_UNGUARDED_AVAILABILITY = YES_AGGRESSIVE;
				CLANG_WARN_UNREACHABLE_CODE = YES;
				CLANG_WARN__DUPLICATE_METHOD_MATCH = YES;
				COPY_PHASE_STRIP = NO;
				DEBUG_INFORMATION_FORMAT = dwarf;
				ENABLE_STRICT_OBJC_MSGSEND = YES;
				ENABLE_TESTABILITY = YES;
				GCC_C_LANGUAGE_STANDARD = gnu11;
				GCC_DYNAMIC_NO_PIC = NO;
				GCC_NO_COMMON_BLOCKS = YES;
				GCC_OPTIMIZATION_LEVEL = 0;
				GCC_PREPROCESSOR_DEFINITIONS = (
					"DEBUG=1",
					"$(inherited)",
				);
				GCC_WARN_64_TO_32_BIT_CONVERSION = YES;
				GCC_WARN_ABOUT_RETURN_TYPE = YES_ERROR;
				GCC_WARN_UNDECLARED_SELECTOR = YES;
				GCC_WARN_UNINITIALIZED_AUTOS = YES_AGGRESSIVE;
				GCC_WARN_UNUSED_FUNCTION = YES;
				GCC_WARN_UNUSED_VARIABLE = YES;
				IPHONEOS_DEPLOYMENT_TARGET = 16.1;
				MTL_ENABLE_DEBUG_INFO = INCLUDE_SOURCE;
				MTL_FAST_MATH = YES;
				ONLY_ACTIVE_ARCH = YES;
				SDKROOT = iphoneos;
				SWIFT_ACTIVE_COMPILATION_CONDITIONS = DEBUG;
				SWIFT_OPTIMIZATION_LEVEL = "-Onone";
			};
			name = Debug;
		};
		06333A19297784A200D8575C /* Release */ = {
			isa = XCBuildConfiguration;
			buildSettings = {
				ALWAYS_SEARCH_USER_PATHS = NO;
				CLANG_ANALYZER_NONNULL = YES;
				CLANG_ANALYZER_NUMBER_OBJECT_CONVERSION = YES_AGGRESSIVE;
				CLANG_CXX_LANGUAGE_STANDARD = "gnu++20";
				CLANG_ENABLE_MODULES = YES;
				CLANG_ENABLE_OBJC_ARC = YES;
				CLANG_ENABLE_OBJC_WEAK = YES;
				CLANG_WARN_BLOCK_CAPTURE_AUTORELEASING = YES;
				CLANG_WARN_BOOL_CONVERSION = YES;
				CLANG_WARN_COMMA = YES;
				CLANG_WARN_CONSTANT_CONVERSION = YES;
				CLANG_WARN_DEPRECATED_OBJC_IMPLEMENTATIONS = YES;
				CLANG_WARN_DIRECT_OBJC_ISA_USAGE = YES_ERROR;
				CLANG_WARN_DOCUMENTATION_COMMENTS = YES;
				CLANG_WARN_EMPTY_BODY = YES;
				CLANG_WARN_ENUM_CONVERSION = YES;
				CLANG_WARN_INFINITE_RECURSION = YES;
				CLANG_WARN_INT_CONVERSION = YES;
				CLANG_WARN_NON_LITERAL_NULL_CONVERSION = YES;
				CLANG_WARN_OBJC_IMPLICIT_RETAIN_SELF = YES;
				CLANG_WARN_OBJC_LITERAL_CONVERSION = YES;
				CLANG_WARN_OBJC_ROOT_CLASS = YES_ERROR;
				CLANG_WARN_QUOTED_INCLUDE_IN_FRAMEWORK_HEADER = YES;
				CLANG_WARN_RANGE_LOOP_ANALYSIS = YES;
				CLANG_WARN_STRICT_PROTOTYPES = YES;
				CLANG_WARN_SUSPICIOUS_MOVE = YES;
				CLANG_WARN_UNGUARDED_AVAILABILITY = YES_AGGRESSIVE;
				CLANG_WARN_UNREACHABLE_CODE = YES;
				CLANG_WARN__DUPLICATE_METHOD_MATCH = YES;
				COPY_PHASE_STRIP = NO;
				DEBUG_INFORMATION_FORMAT = "dwarf-with-dsym";
				ENABLE_NS_ASSERTIONS = NO;
				ENABLE_STRICT_OBJC_MSGSEND = YES;
				GCC_C_LANGUAGE_STANDARD = gnu11;
				GCC_NO_COMMON_BLOCKS = YES;
				GCC_WARN_64_TO_32_BIT_CONVERSION = YES;
				GCC_WARN_ABOUT_RETURN_TYPE = YES_ERROR;
				GCC_WARN_UNDECLARED_SELECTOR = YES;
				GCC_WARN_UNINITIALIZED_AUTOS = YES_AGGRESSIVE;
				GCC_WARN_UNUSED_FUNCTION = YES;
				GCC_WARN_UNUSED_VARIABLE = YES;
				IPHONEOS_DEPLOYMENT_TARGET = 16.1;
				MTL_ENABLE_DEBUG_INFO = NO;
				MTL_FAST_MATH = YES;
				SDKROOT = iphoneos;
				SWIFT_COMPILATION_MODE = wholemodule;
				SWIFT_OPTIMIZATION_LEVEL = "-O";
				VALIDATE_PRODUCT = YES;
			};
			name = Release;
		};
		06333A1B297784A200D8575C /* Debug */ = {
			isa = XCBuildConfiguration;
			buildSettings = {
				ASSETCATALOG_COMPILER_APPICON_NAME = AppIcon;
				ASSETCATALOG_COMPILER_GLOBAL_ACCENT_COLOR_NAME = AccentColor;
				CODE_SIGN_STYLE = Automatic;
				CURRENT_PROJECT_VERSION = 1;
				DEVELOPMENT_TEAM = UGFP3W9FTD;
				GENERATE_INFOPLIST_FILE = YES;
				INFOPLIST_FILE = TodoWithCoreData/Info.plist;
				INFOPLIST_KEY_UIApplicationSupportsIndirectInputEvents = YES;
				INFOPLIST_KEY_UILaunchStoryboardName = LaunchScreen;
				INFOPLIST_KEY_UIMainStoryboardFile = Main;
				INFOPLIST_KEY_UISupportedInterfaceOrientations_iPad = "UIInterfaceOrientationPortrait UIInterfaceOrientationPortraitUpsideDown UIInterfaceOrientationLandscapeLeft UIInterfaceOrientationLandscapeRight";
				INFOPLIST_KEY_UISupportedInterfaceOrientations_iPhone = "UIInterfaceOrientationPortrait UIInterfaceOrientationLandscapeLeft UIInterfaceOrientationLandscapeRight";
				LD_RUNPATH_SEARCH_PATHS = (
					"$(inherited)",
					"@executable_path/Frameworks",
				);
				MARKETING_VERSION = 1.0;
				PRODUCT_BUNDLE_IDENTIFIER = com.gom.TodoWithCoreData;
				PRODUCT_NAME = "$(TARGET_NAME)";
				SWIFT_EMIT_LOC_STRINGS = YES;
				SWIFT_VERSION = 5.0;
				TARGETED_DEVICE_FAMILY = "1,2";
			};
			name = Debug;
		};
		06333A1C297784A200D8575C /* Release */ = {
			isa = XCBuildConfiguration;
			buildSettings = {
				ASSETCATALOG_COMPILER_APPICON_NAME = AppIcon;
				ASSETCATALOG_COMPILER_GLOBAL_ACCENT_COLOR_NAME = AccentColor;
				CODE_SIGN_STYLE = Automatic;
				CURRENT_PROJECT_VERSION = 1;
				DEVELOPMENT_TEAM = UGFP3W9FTD;
				GENERATE_INFOPLIST_FILE = YES;
				INFOPLIST_FILE = TodoWithCoreData/Info.plist;
				INFOPLIST_KEY_UIApplicationSupportsIndirectInputEvents = YES;
				INFOPLIST_KEY_UILaunchStoryboardName = LaunchScreen;
				INFOPLIST_KEY_UIMainStoryboardFile = Main;
				INFOPLIST_KEY_UISupportedInterfaceOrientations_iPad = "UIInterfaceOrientationPortrait UIInterfaceOrientationPortraitUpsideDown UIInterfaceOrientationLandscapeLeft UIInterfaceOrientationLandscapeRight";
				INFOPLIST_KEY_UISupportedInterfaceOrientations_iPhone = "UIInterfaceOrientationPortrait UIInterfaceOrientationLandscapeLeft UIInterfaceOrientationLandscapeRight";
				LD_RUNPATH_SEARCH_PATHS = (
					"$(inherited)",
					"@executable_path/Frameworks",
				);
				MARKETING_VERSION = 1.0;
				PRODUCT_BUNDLE_IDENTIFIER = com.gom.TodoWithCoreData;
				PRODUCT_NAME = "$(TARGET_NAME)";
				SWIFT_EMIT_LOC_STRINGS = YES;
				SWIFT_VERSION = 5.0;
				TARGETED_DEVICE_FAMILY = "1,2";
			};
			name = Release;
		};
		06333A1E297784A200D8575C /* Debug */ = {
			isa = XCBuildConfiguration;
			buildSettings = {
				ALWAYS_EMBED_SWIFT_STANDARD_LIBRARIES = YES;
				BUNDLE_LOADER = "$(TEST_HOST)";
				CODE_SIGN_STYLE = Automatic;
				CURRENT_PROJECT_VERSION = 1;
				DEVELOPMENT_TEAM = UGFP3W9FTD;
				GENERATE_INFOPLIST_FILE = YES;
				IPHONEOS_DEPLOYMENT_TARGET = 16.1;
				MARKETING_VERSION = 1.0;
				PRODUCT_BUNDLE_IDENTIFIER = com.gom.TodoWithCoreDataTests;
				PRODUCT_NAME = "$(TARGET_NAME)";
				SWIFT_EMIT_LOC_STRINGS = NO;
				SWIFT_VERSION = 5.0;
				TARGETED_DEVICE_FAMILY = "1,2";
				TEST_HOST = "$(BUILT_PRODUCTS_DIR)/TodoWithCoreData.app/$(BUNDLE_EXECUTABLE_FOLDER_PATH)/TodoWithCoreData";
			};
			name = Debug;
		};
		06333A1F297784A200D8575C /* Release */ = {
			isa = XCBuildConfiguration;
			buildSettings = {
				ALWAYS_EMBED_SWIFT_STANDARD_LIBRARIES = YES;
				BUNDLE_LOADER = "$(TEST_HOST)";
				CODE_SIGN_STYLE = Automatic;
				CURRENT_PROJECT_VERSION = 1;
				DEVELOPMENT_TEAM = UGFP3W9FTD;
				GENERATE_INFOPLIST_FILE = YES;
				IPHONEOS_DEPLOYMENT_TARGET = 16.1;
				MARKETING_VERSION = 1.0;
				PRODUCT_BUNDLE_IDENTIFIER = com.gom.TodoWithCoreDataTests;
				PRODUCT_NAME = "$(TARGET_NAME)";
				SWIFT_EMIT_LOC_STRINGS = NO;
				SWIFT_VERSION = 5.0;
				TARGETED_DEVICE_FAMILY = "1,2";
				TEST_HOST = "$(BUILT_PRODUCTS_DIR)/TodoWithCoreData.app/$(BUNDLE_EXECUTABLE_FOLDER_PATH)/TodoWithCoreData";
			};
			name = Release;
		};
		06333A21297784A200D8575C /* Debug */ = {
			isa = XCBuildConfiguration;
			buildSettings = {
				ALWAYS_EMBED_SWIFT_STANDARD_LIBRARIES = YES;
				CODE_SIGN_STYLE = Automatic;
				CURRENT_PROJECT_VERSION = 1;
				DEVELOPMENT_TEAM = UGFP3W9FTD;
				GENERATE_INFOPLIST_FILE = YES;
				MARKETING_VERSION = 1.0;
				PRODUCT_BUNDLE_IDENTIFIER = com.gom.TodoWithCoreDataUITests;
				PRODUCT_NAME = "$(TARGET_NAME)";
				SWIFT_EMIT_LOC_STRINGS = NO;
				SWIFT_VERSION = 5.0;
				TARGETED_DEVICE_FAMILY = "1,2";
				TEST_TARGET_NAME = TodoWithCoreData;
			};
			name = Debug;
		};
		06333A22297784A200D8575C /* Release */ = {
			isa = XCBuildConfiguration;
			buildSettings = {
				ALWAYS_EMBED_SWIFT_STANDARD_LIBRARIES = YES;
				CODE_SIGN_STYLE = Automatic;
				CURRENT_PROJECT_VERSION = 1;
				DEVELOPMENT_TEAM = UGFP3W9FTD;
				GENERATE_INFOPLIST_FILE = YES;
				MARKETING_VERSION = 1.0;
				PRODUCT_BUNDLE_IDENTIFIER = com.gom.TodoWithCoreDataUITests;
				PRODUCT_NAME = "$(TARGET_NAME)";
				SWIFT_EMIT_LOC_STRINGS = NO;
				SWIFT_VERSION = 5.0;
				TARGETED_DEVICE_FAMILY = "1,2";
				TEST_TARGET_NAME = TodoWithCoreData;
			};
			name = Release;
		};
/* End XCBuildConfiguration section */

/* Begin XCConfigurationList section */
		063339E8297784A000D8575C /* Build configuration list for PBXProject "TodoWithCoreData" */ = {
			isa = XCConfigurationList;
			buildConfigurations = (
				06333A18297784A200D8575C /* Debug */,
				06333A19297784A200D8575C /* Release */,
			);
			defaultConfigurationIsVisible = 0;
			defaultConfigurationName = Release;
		};
		06333A1A297784A200D8575C /* Build configuration list for PBXNativeTarget "TodoWithCoreData" */ = {
			isa = XCConfigurationList;
			buildConfigurations = (
				06333A1B297784A200D8575C /* Debug */,
				06333A1C297784A200D8575C /* Release */,
			);
			defaultConfigurationIsVisible = 0;
			defaultConfigurationName = Release;
		};
		06333A1D297784A200D8575C /* Build configuration list for PBXNativeTarget "TodoWithCoreDataTests" */ = {
			isa = XCConfigurationList;
			buildConfigurations = (
				06333A1E297784A200D8575C /* Debug */,
				06333A1F297784A200D8575C /* Release */,
			);
			defaultConfigurationIsVisible = 0;
			defaultConfigurationName = Release;
		};
		06333A20297784A200D8575C /* Build configuration list for PBXNativeTarget "TodoWithCoreDataUITests" */ = {
			isa = XCConfigurationList;
			buildConfigurations = (
				06333A21297784A200D8575C /* Debug */,
				06333A22297784A200D8575C /* Release */,
			);
			defaultConfigurationIsVisible = 0;
			defaultConfigurationName = Release;
		};
/* End XCConfigurationList section */

/* Begin XCVersionGroup section */
		063339F9297784A000D8575C /* TodoWithCoreData.xcdatamodeld */ = {
			isa = XCVersionGroup;
			children = (
				063339FA297784A000D8575C /* TodoWithCoreData.xcdatamodel */,
			);
			currentVersion = 063339FA297784A000D8575C /* TodoWithCoreData.xcdatamodel */;
			path = TodoWithCoreData.xcdatamodeld;
			sourceTree = "<group>";
			versionGroupType = wrapper.xcdatamodel;
		};
/* End XCVersionGroup section */
	};
	rootObject = 063339E5297784A000D8575C /* Project object */;
}
