// !$*UTF8*$!
{
	archiveVersion = 1;
	classes = {
	};
	objectVersion = 55;
	objects = {

/* Begin PBXBuildFile section */
		06F6826A2942C43C0047E624 /* AppDelegate.swift in Sources */ = {isa = PBXBuildFile; fileRef = 06F682692942C43C0047E624 /* AppDelegate.swift */; };
		06F6826C2942C43C0047E624 /* SceneDelegate.swift in Sources */ = {isa = PBXBuildFile; fileRef = 06F6826B2942C43C0047E624 /* SceneDelegate.swift */; };
		06F682712942C43C0047E624 /* Main.storyboard in Resources */ = {isa = PBXBuildFile; fileRef = 06F6826F2942C43C0047E624 /* Main.storyboard */; };
		06F682732942C43E0047E624 /* Assets.xcassets in Resources */ = {isa = PBXBuildFile; fileRef = 06F682722942C43E0047E624 /* Assets.xcassets */; };
		06F682762942C43E0047E624 /* LaunchScreen.storyboard in Resources */ = {isa = PBXBuildFile; fileRef = 06F682742942C43E0047E624 /* LaunchScreen.storyboard */; };
		06F682812942C43E0047E624 /* spotifySampleATests.swift in Sources */ = {isa = PBXBuildFile; fileRef = 06F682802942C43E0047E624 /* spotifySampleATests.swift */; };
		06F6828B2942C43E0047E624 /* spotifySampleAUITests.swift in Sources */ = {isa = PBXBuildFile; fileRef = 06F6828A2942C43E0047E624 /* spotifySampleAUITests.swift */; };
		06F6828D2942C43E0047E624 /* spotifySampleAUITestsLaunchTests.swift in Sources */ = {isa = PBXBuildFile; fileRef = 06F6828C2942C43E0047E624 /* spotifySampleAUITestsLaunchTests.swift */; };
		06F6829A2942CD840047E624 /* LoginViewController.swift in Sources */ = {isa = PBXBuildFile; fileRef = 06F682992942CD840047E624 /* LoginViewController.swift */; };
		06F6829C2942E0E50047E624 /* EnterEmailViewController.swift in Sources */ = {isa = PBXBuildFile; fileRef = 06F6829B2942E0E50047E624 /* EnterEmailViewController.swift */; };
		06F6829E294303710047E624 /* MainViewController.swift in Sources */ = {isa = PBXBuildFile; fileRef = 06F6829D294303710047E624 /* MainViewController.swift */; };
		06F682A0294307B10047E624 /* GoogleService-Info.plist in Resources */ = {isa = PBXBuildFile; fileRef = 06F6829F294307B10047E624 /* GoogleService-Info.plist */; };
		0BD0EF61A700A2A52332AD14 /* Pods_spotifySampleA_spotifySampleAUITests.framework in Frameworks */ = {isa = PBXBuildFile; fileRef = 4535FC0DE2720D740C243B0F /* Pods_spotifySampleA_spotifySampleAUITests.framework */; };
		3E4E10F26ACE1E4152D91C1F /* Pods_spotifySampleA.framework in Frameworks */ = {isa = PBXBuildFile; fileRef = 66F80D0F053885F54CE4C1CB /* Pods_spotifySampleA.framework */; };
		C8DEE01A715BD3AF339BAA05 /* Pods_spotifySampleATests.framework in Frameworks */ = {isa = PBXBuildFile; fileRef = 1451509E9D2F51B93B078FE1 /* Pods_spotifySampleATests.framework */; };
/* End PBXBuildFile section */

/* Begin PBXContainerItemProxy section */
		06F6827D2942C43E0047E624 /* PBXContainerItemProxy */ = {
			isa = PBXContainerItemProxy;
			containerPortal = 06F6825E2942C43C0047E624 /* Project object */;
			proxyType = 1;
			remoteGlobalIDString = 06F682652942C43C0047E624;
			remoteInfo = spotifySampleA;
		};
		06F682872942C43E0047E624 /* PBXContainerItemProxy */ = {
			isa = PBXContainerItemProxy;
			containerPortal = 06F6825E2942C43C0047E624 /* Project object */;
			proxyType = 1;
			remoteGlobalIDString = 06F682652942C43C0047E624;
			remoteInfo = spotifySampleA;
		};
/* End PBXContainerItemProxy section */

/* Begin PBXFileReference section */
		06F682662942C43C0047E624 /* spotifySampleA.app */ = {isa = PBXFileReference; explicitFileType = wrapper.application; includeInIndex = 0; path = spotifySampleA.app; sourceTree = BUILT_PRODUCTS_DIR; };
		06F682692942C43C0047E624 /* AppDelegate.swift */ = {isa = PBXFileReference; lastKnownFileType = sourcecode.swift; path = AppDelegate.swift; sourceTree = "<group>"; };
		06F6826B2942C43C0047E624 /* SceneDelegate.swift */ = {isa = PBXFileReference; lastKnownFileType = sourcecode.swift; path = SceneDelegate.swift; sourceTree = "<group>"; };
		06F682702942C43C0047E624 /* Base */ = {isa = PBXFileReference; lastKnownFileType = file.storyboard; name = Base; path = Base.lproj/Main.storyboard; sourceTree = "<group>"; };
		06F682722942C43E0047E624 /* Assets.xcassets */ = {isa = PBXFileReference; lastKnownFileType = folder.assetcatalog; path = Assets.xcassets; sourceTree = "<group>"; };
		06F682752942C43E0047E624 /* Base */ = {isa = PBXFileReference; lastKnownFileType = file.storyboard; name = Base; path = Base.lproj/LaunchScreen.storyboard; sourceTree = "<group>"; };
		06F682772942C43E0047E624 /* Info.plist */ = {isa = PBXFileReference; lastKnownFileType = text.plist.xml; path = Info.plist; sourceTree = "<group>"; };
		06F6827C2942C43E0047E624 /* spotifySampleATests.xctest */ = {isa = PBXFileReference; explicitFileType = wrapper.cfbundle; includeInIndex = 0; path = spotifySampleATests.xctest; sourceTree = BUILT_PRODUCTS_DIR; };
		06F682802942C43E0047E624 /* spotifySampleATests.swift */ = {isa = PBXFileReference; lastKnownFileType = sourcecode.swift; path = spotifySampleATests.swift; sourceTree = "<group>"; };
		06F682862942C43E0047E624 /* spotifySampleAUITests.xctest */ = {isa = PBXFileReference; explicitFileType = wrapper.cfbundle; includeInIndex = 0; path = spotifySampleAUITests.xctest; sourceTree = BUILT_PRODUCTS_DIR; };
		06F6828A2942C43E0047E624 /* spotifySampleAUITests.swift */ = {isa = PBXFileReference; lastKnownFileType = sourcecode.swift; path = spotifySampleAUITests.swift; sourceTree = "<group>"; };
		06F6828C2942C43E0047E624 /* spotifySampleAUITestsLaunchTests.swift */ = {isa = PBXFileReference; lastKnownFileType = sourcecode.swift; path = spotifySampleAUITestsLaunchTests.swift; sourceTree = "<group>"; };
		06F682992942CD840047E624 /* LoginViewController.swift */ = {isa = PBXFileReference; lastKnownFileType = sourcecode.swift; path = LoginViewController.swift; sourceTree = "<group>"; };
		06F6829B2942E0E50047E624 /* EnterEmailViewController.swift */ = {isa = PBXFileReference; lastKnownFileType = sourcecode.swift; path = EnterEmailViewController.swift; sourceTree = "<group>"; };
		06F6829D294303710047E624 /* MainViewController.swift */ = {isa = PBXFileReference; lastKnownFileType = sourcecode.swift; path = MainViewController.swift; sourceTree = "<group>"; };
		06F6829F294307B10047E624 /* GoogleService-Info.plist */ = {isa = PBXFileReference; fileEncoding = 4; lastKnownFileType = text.plist.xml; path = "GoogleService-Info.plist"; sourceTree = "<group>"; };
		0B7143D57A30217138610BBC /* Pods-spotifySampleA.release.xcconfig */ = {isa = PBXFileReference; includeInIndex = 1; lastKnownFileType = text.xcconfig; name = "Pods-spotifySampleA.release.xcconfig"; path = "Target Support Files/Pods-spotifySampleA/Pods-spotifySampleA.release.xcconfig"; sourceTree = "<group>"; };
		1451509E9D2F51B93B078FE1 /* Pods_spotifySampleATests.framework */ = {isa = PBXFileReference; explicitFileType = wrapper.framework; includeInIndex = 0; path = Pods_spotifySampleATests.framework; sourceTree = BUILT_PRODUCTS_DIR; };
		363FEF11AFF10C0B58846D33 /* Pods-spotifySampleATests.debug.xcconfig */ = {isa = PBXFileReference; includeInIndex = 1; lastKnownFileType = text.xcconfig; name = "Pods-spotifySampleATests.debug.xcconfig"; path = "Target Support Files/Pods-spotifySampleATests/Pods-spotifySampleATests.debug.xcconfig"; sourceTree = "<group>"; };
		367DAF0A45610E240193A0AA /* Pods-spotifySampleATests.release.xcconfig */ = {isa = PBXFileReference; includeInIndex = 1; lastKnownFileType = text.xcconfig; name = "Pods-spotifySampleATests.release.xcconfig"; path = "Target Support Files/Pods-spotifySampleATests/Pods-spotifySampleATests.release.xcconfig"; sourceTree = "<group>"; };
		4535FC0DE2720D740C243B0F /* Pods_spotifySampleA_spotifySampleAUITests.framework */ = {isa = PBXFileReference; explicitFileType = wrapper.framework; includeInIndex = 0; path = Pods_spotifySampleA_spotifySampleAUITests.framework; sourceTree = BUILT_PRODUCTS_DIR; };
		4C29967F9B8683966CE42A8C /* Pods-spotifySampleA-spotifySampleAUITests.debug.xcconfig */ = {isa = PBXFileReference; includeInIndex = 1; lastKnownFileType = text.xcconfig; name = "Pods-spotifySampleA-spotifySampleAUITests.debug.xcconfig"; path = "Target Support Files/Pods-spotifySampleA-spotifySampleAUITests/Pods-spotifySampleA-spotifySampleAUITests.debug.xcconfig"; sourceTree = "<group>"; };
		66F80D0F053885F54CE4C1CB /* Pods_spotifySampleA.framework */ = {isa = PBXFileReference; explicitFileType = wrapper.framework; includeInIndex = 0; path = Pods_spotifySampleA.framework; sourceTree = BUILT_PRODUCTS_DIR; };
		7D6667345E6E3E9EA9D9D51E /* Pods-spotifySampleA.debug.xcconfig */ = {isa = PBXFileReference; includeInIndex = 1; lastKnownFileType = text.xcconfig; name = "Pods-spotifySampleA.debug.xcconfig"; path = "Target Support Files/Pods-spotifySampleA/Pods-spotifySampleA.debug.xcconfig"; sourceTree = "<group>"; };
		C80E808739A9BEE95A11B371 /* Pods-spotifySampleA-spotifySampleAUITests.release.xcconfig */ = {isa = PBXFileReference; includeInIndex = 1; lastKnownFileType = text.xcconfig; name = "Pods-spotifySampleA-spotifySampleAUITests.release.xcconfig"; path = "Target Support Files/Pods-spotifySampleA-spotifySampleAUITests/Pods-spotifySampleA-spotifySampleAUITests.release.xcconfig"; sourceTree = "<group>"; };
/* End PBXFileReference section */

/* Begin PBXFrameworksBuildPhase section */
		06F682632942C43C0047E624 /* Frameworks */ = {
			isa = PBXFrameworksBuildPhase;
			buildActionMask = 2147483647;
			files = (
				3E4E10F26ACE1E4152D91C1F /* Pods_spotifySampleA.framework in Frameworks */,
			);
			runOnlyForDeploymentPostprocessing = 0;
		};
		06F682792942C43E0047E624 /* Frameworks */ = {
			isa = PBXFrameworksBuildPhase;
			buildActionMask = 2147483647;
			files = (
				C8DEE01A715BD3AF339BAA05 /* Pods_spotifySampleATests.framework in Frameworks */,
			);
			runOnlyForDeploymentPostprocessing = 0;
		};
		06F682832942C43E0047E624 /* Frameworks */ = {
			isa = PBXFrameworksBuildPhase;
			buildActionMask = 2147483647;
			files = (
				0BD0EF61A700A2A52332AD14 /* Pods_spotifySampleA_spotifySampleAUITests.framework in Frameworks */,
			);
			runOnlyForDeploymentPostprocessing = 0;
		};
/* End PBXFrameworksBuildPhase section */

/* Begin PBXGroup section */
		0403A8D368302E879C8B8648 /* Pods */ = {
			isa = PBXGroup;
			children = (
				7D6667345E6E3E9EA9D9D51E /* Pods-spotifySampleA.debug.xcconfig */,
				0B7143D57A30217138610BBC /* Pods-spotifySampleA.release.xcconfig */,
				4C29967F9B8683966CE42A8C /* Pods-spotifySampleA-spotifySampleAUITests.debug.xcconfig */,
				C80E808739A9BEE95A11B371 /* Pods-spotifySampleA-spotifySampleAUITests.release.xcconfig */,
				363FEF11AFF10C0B58846D33 /* Pods-spotifySampleATests.debug.xcconfig */,
				367DAF0A45610E240193A0AA /* Pods-spotifySampleATests.release.xcconfig */,
			);
			path = Pods;
			sourceTree = "<group>";
		};
		06F6825D2942C43C0047E624 = {
			isa = PBXGroup;
			children = (
				06F682682942C43C0047E624 /* spotifySampleA */,
				06F6827F2942C43E0047E624 /* spotifySampleATests */,
				06F682892942C43E0047E624 /* spotifySampleAUITests */,
				06F682672942C43C0047E624 /* Products */,
				0403A8D368302E879C8B8648 /* Pods */,
				B0ECEFCEB9E92D57D1DC17BE /* Frameworks */,
			);
			sourceTree = "<group>";
		};
		06F682672942C43C0047E624 /* Products */ = {
			isa = PBXGroup;
			children = (
				06F682662942C43C0047E624 /* spotifySampleA.app */,
				06F6827C2942C43E0047E624 /* spotifySampleATests.xctest */,
				06F682862942C43E0047E624 /* spotifySampleAUITests.xctest */,
			);
			name = Products;
			sourceTree = "<group>";
		};
		06F682682942C43C0047E624 /* spotifySampleA */ = {
			isa = PBXGroup;
			children = (
				06F682692942C43C0047E624 /* AppDelegate.swift */,
				06F6826B2942C43C0047E624 /* SceneDelegate.swift */,
				06F6826F2942C43C0047E624 /* Main.storyboard */,
				06F6829B2942E0E50047E624 /* EnterEmailViewController.swift */,
				06F6829D294303710047E624 /* MainViewController.swift */,
				06F682992942CD840047E624 /* LoginViewController.swift */,
				06F682722942C43E0047E624 /* Assets.xcassets */,
				06F682742942C43E0047E624 /* LaunchScreen.storyboard */,
				06F682772942C43E0047E624 /* Info.plist */,
				06F6829F294307B10047E624 /* GoogleService-Info.plist */,
			);
			path = spotifySampleA;
			sourceTree = "<group>";
		};
		06F6827F2942C43E0047E624 /* spotifySampleATests */ = {
			isa = PBXGroup;
			children = (
				06F682802942C43E0047E624 /* spotifySampleATests.swift */,
			);
			path = spotifySampleATests;
			sourceTree = "<group>";
		};
		06F682892942C43E0047E624 /* spotifySampleAUITests */ = {
			isa = PBXGroup;
			children = (
				06F6828A2942C43E0047E624 /* spotifySampleAUITests.swift */,
				06F6828C2942C43E0047E624 /* spotifySampleAUITestsLaunchTests.swift */,
			);
			path = spotifySampleAUITests;
			sourceTree = "<group>";
		};
		B0ECEFCEB9E92D57D1DC17BE /* Frameworks */ = {
			isa = PBXGroup;
			children = (
				66F80D0F053885F54CE4C1CB /* Pods_spotifySampleA.framework */,
				4535FC0DE2720D740C243B0F /* Pods_spotifySampleA_spotifySampleAUITests.framework */,
				1451509E9D2F51B93B078FE1 /* Pods_spotifySampleATests.framework */,
			);
			name = Frameworks;
			sourceTree = "<group>";
		};
/* End PBXGroup section */

/* Begin PBXNativeTarget section */
		06F682652942C43C0047E624 /* spotifySampleA */ = {
			isa = PBXNativeTarget;
			buildConfigurationList = 06F682902942C43E0047E624 /* Build configuration list for PBXNativeTarget "spotifySampleA" */;
			buildPhases = (
				94988E21F1625D9A54506123 /* [CP] Check Pods Manifest.lock */,
				06F682622942C43C0047E624 /* Sources */,
				06F682632942C43C0047E624 /* Frameworks */,
				06F682642942C43C0047E624 /* Resources */,
				4A302B713861DA21E8154A77 /* [CP] Embed Pods Frameworks */,
				FE966087C7AB6D65CE0B518F /* [CP] Copy Pods Resources */,
			);
			buildRules = (
			);
			dependencies = (
			);
			name = spotifySampleA;
			productName = spotifySampleA;
			productReference = 06F682662942C43C0047E624 /* spotifySampleA.app */;
			productType = "com.apple.product-type.application";
		};
		06F6827B2942C43E0047E624 /* spotifySampleATests */ = {
			isa = PBXNativeTarget;
			buildConfigurationList = 06F682932942C43E0047E624 /* Build configuration list for PBXNativeTarget "spotifySampleATests" */;
			buildPhases = (
				DBD69FE7E49FF60CEE20E6F8 /* [CP] Check Pods Manifest.lock */,
				06F682782942C43E0047E624 /* Sources */,
				06F682792942C43E0047E624 /* Frameworks */,
				06F6827A2942C43E0047E624 /* Resources */,
			);
			buildRules = (
			);
			dependencies = (
				06F6827E2942C43E0047E624 /* PBXTargetDependency */,
			);
			name = spotifySampleATests;
			productName = spotifySampleATests;
			productReference = 06F6827C2942C43E0047E624 /* spotifySampleATests.xctest */;
			productType = "com.apple.product-type.bundle.unit-test";
		};
		06F682852942C43E0047E624 /* spotifySampleAUITests */ = {
			isa = PBXNativeTarget;
			buildConfigurationList = 06F682962942C43E0047E624 /* Build configuration list for PBXNativeTarget "spotifySampleAUITests" */;
			buildPhases = (
				5DEE60C41F76EC5E2A41C2EE /* [CP] Check Pods Manifest.lock */,
				06F682822942C43E0047E624 /* Sources */,
				06F682832942C43E0047E624 /* Frameworks */,
				06F682842942C43E0047E624 /* Resources */,
				CEF8741E12E46666C2AB9019 /* [CP] Embed Pods Frameworks */,
				E070551378EE26D181304F46 /* [CP] Copy Pods Resources */,
			);
			buildRules = (
			);
			dependencies = (
				06F682882942C43E0047E624 /* PBXTargetDependency */,
			);
			name = spotifySampleAUITests;
			productName = spotifySampleAUITests;
			productReference = 06F682862942C43E0047E624 /* spotifySampleAUITests.xctest */;
			productType = "com.apple.product-type.bundle.ui-testing";
		};
/* End PBXNativeTarget section */

/* Begin PBXProject section */
		06F6825E2942C43C0047E624 /* Project object */ = {
			isa = PBXProject;
			attributes = {
				BuildIndependentTargetsInParallel = 1;
				LastSwiftUpdateCheck = 1410;
				LastUpgradeCheck = 1410;
				TargetAttributes = {
					06F682652942C43C0047E624 = {
						CreatedOnToolsVersion = 14.1;
					};
					06F6827B2942C43E0047E624 = {
						CreatedOnToolsVersion = 14.1;
						TestTargetID = 06F682652942C43C0047E624;
					};
					06F682852942C43E0047E624 = {
						CreatedOnToolsVersion = 14.1;
						TestTargetID = 06F682652942C43C0047E624;
					};
				};
			};
			buildConfigurationList = 06F682612942C43C0047E624 /* Build configuration list for PBXProject "spotifySampleA" */;
			compatibilityVersion = "Xcode 13.0";
			developmentRegion = en;
			hasScannedForEncodings = 0;
			knownRegions = (
				en,
				Base,
			);
			mainGroup = 06F6825D2942C43C0047E624;
			productRefGroup = 06F682672942C43C0047E624 /* Products */;
			projectDirPath = "";
			projectRoot = "";
			targets = (
				06F682652942C43C0047E624 /* spotifySampleA */,
				06F6827B2942C43E0047E624 /* spotifySampleATests */,
				06F682852942C43E0047E624 /* spotifySampleAUITests */,
			);
		};
/* End PBXProject section */

/* Begin PBXResourcesBuildPhase section */
		06F682642942C43C0047E624 /* Resources */ = {
			isa = PBXResourcesBuildPhase;
			buildActionMask = 2147483647;
			files = (
				06F682762942C43E0047E624 /* LaunchScreen.storyboard in Resources */,
				06F682A0294307B10047E624 /* GoogleService-Info.plist in Resources */,
				06F682732942C43E0047E624 /* Assets.xcassets in Resources */,
				06F682712942C43C0047E624 /* Main.storyboard in Resources */,
			);
			runOnlyForDeploymentPostprocessing = 0;
		};
		06F6827A2942C43E0047E624 /* Resources */ = {
			isa = PBXResourcesBuildPhase;
			buildActionMask = 2147483647;
			files = (
			);
			runOnlyForDeploymentPostprocessing = 0;
		};
		06F682842942C43E0047E624 /* Resources */ = {
			isa = PBXResourcesBuildPhase;
			buildActionMask = 2147483647;
			files = (
			);
			runOnlyForDeploymentPostprocessing = 0;
		};
/* End PBXResourcesBuildPhase section */

/* Begin PBXShellScriptBuildPhase section */
		4A302B713861DA21E8154A77 /* [CP] Embed Pods Frameworks */ = {
			isa = PBXShellScriptBuildPhase;
			buildActionMask = 2147483647;
			files = (
			);
			inputFileListPaths = (
				"${PODS_ROOT}/Target Support Files/Pods-spotifySampleA/Pods-spotifySampleA-frameworks-${CONFIGURATION}-input-files.xcfilelist",
			);
			name = "[CP] Embed Pods Frameworks";
			outputFileListPaths = (
				"${PODS_ROOT}/Target Support Files/Pods-spotifySampleA/Pods-spotifySampleA-frameworks-${CONFIGURATION}-output-files.xcfilelist",
			);
			runOnlyForDeploymentPostprocessing = 0;
			shellPath = /bin/sh;
			shellScript = "\"${PODS_ROOT}/Target Support Files/Pods-spotifySampleA/Pods-spotifySampleA-frameworks.sh\"\n";
			showEnvVarsInLog = 0;
		};
		5DEE60C41F76EC5E2A41C2EE /* [CP] Check Pods Manifest.lock */ = {
			isa = PBXShellScriptBuildPhase;
			buildActionMask = 2147483647;
			files = (
			);
			inputFileListPaths = (
			);
			inputPaths = (
				"${PODS_PODFILE_DIR_PATH}/Podfile.lock",
				"${PODS_ROOT}/Manifest.lock",
			);
			name = "[CP] Check Pods Manifest.lock";
			outputFileListPaths = (
			);
			outputPaths = (
				"$(DERIVED_FILE_DIR)/Pods-spotifySampleA-spotifySampleAUITests-checkManifestLockResult.txt",
			);
			runOnlyForDeploymentPostprocessing = 0;
			shellPath = /bin/sh;
			shellScript = "diff \"${PODS_PODFILE_DIR_PATH}/Podfile.lock\" \"${PODS_ROOT}/Manifest.lock\" > /dev/null\nif [ $? != 0 ] ; then\n    # print error to STDERR\n    echo \"error: The sandbox is not in sync with the Podfile.lock. Run 'pod install' or update your CocoaPods installation.\" >&2\n    exit 1\nfi\n# This output is used by Xcode 'outputs' to avoid re-running this script phase.\necho \"SUCCESS\" > \"${SCRIPT_OUTPUT_FILE_0}\"\n";
			showEnvVarsInLog = 0;
		};
		94988E21F1625D9A54506123 /* [CP] Check Pods Manifest.lock */ = {
			isa = PBXShellScriptBuildPhase;
			buildActionMask = 2147483647;
			files = (
			);
			inputFileListPaths = (
			);
			inputPaths = (
				"${PODS_PODFILE_DIR_PATH}/Podfile.lock",
				"${PODS_ROOT}/Manifest.lock",
			);
			name = "[CP] Check Pods Manifest.lock";
			outputFileListPaths = (
			);
			outputPaths = (
				"$(DERIVED_FILE_DIR)/Pods-spotifySampleA-checkManifestLockResult.txt",
			);
			runOnlyForDeploymentPostprocessing = 0;
			shellPath = /bin/sh;
			shellScript = "diff \"${PODS_PODFILE_DIR_PATH}/Podfile.lock\" \"${PODS_ROOT}/Manifest.lock\" > /dev/null\nif [ $? != 0 ] ; then\n    # print error to STDERR\n    echo \"error: The sandbox is not in sync with the Podfile.lock. Run 'pod install' or update your CocoaPods installation.\" >&2\n    exit 1\nfi\n# This output is used by Xcode 'outputs' to avoid re-running this script phase.\necho \"SUCCESS\" > \"${SCRIPT_OUTPUT_FILE_0}\"\n";
			showEnvVarsInLog = 0;
		};
		CEF8741E12E46666C2AB9019 /* [CP] Embed Pods Frameworks */ = {
			isa = PBXShellScriptBuildPhase;
			buildActionMask = 2147483647;
			files = (
			);
			inputFileListPaths = (
				"${PODS_ROOT}/Target Support Files/Pods-spotifySampleA-spotifySampleAUITests/Pods-spotifySampleA-spotifySampleAUITests-frameworks-${CONFIGURATION}-input-files.xcfilelist",
			);
			name = "[CP] Embed Pods Frameworks";
			outputFileListPaths = (
				"${PODS_ROOT}/Target Support Files/Pods-spotifySampleA-spotifySampleAUITests/Pods-spotifySampleA-spotifySampleAUITests-frameworks-${CONFIGURATION}-output-files.xcfilelist",
			);
			runOnlyForDeploymentPostprocessing = 0;
			shellPath = /bin/sh;
			shellScript = "\"${PODS_ROOT}/Target Support Files/Pods-spotifySampleA-spotifySampleAUITests/Pods-spotifySampleA-spotifySampleAUITests-frameworks.sh\"\n";
			showEnvVarsInLog = 0;
		};
		DBD69FE7E49FF60CEE20E6F8 /* [CP] Check Pods Manifest.lock */ = {
			isa = PBXShellScriptBuildPhase;
			buildActionMask = 2147483647;
			files = (
			);
			inputFileListPaths = (
			);
			inputPaths = (
				"${PODS_PODFILE_DIR_PATH}/Podfile.lock",
				"${PODS_ROOT}/Manifest.lock",
			);
			name = "[CP] Check Pods Manifest.lock";
			outputFileListPaths = (
			);
			outputPaths = (
				"$(DERIVED_FILE_DIR)/Pods-spotifySampleATests-checkManifestLockResult.txt",
			);
			runOnlyForDeploymentPostprocessing = 0;
			shellPath = /bin/sh;
			shellScript = "diff \"${PODS_PODFILE_DIR_PATH}/Podfile.lock\" \"${PODS_ROOT}/Manifest.lock\" > /dev/null\nif [ $? != 0 ] ; then\n    # print error to STDERR\n    echo \"error: The sandbox is not in sync with the Podfile.lock. Run 'pod install' or update your CocoaPods installation.\" >&2\n    exit 1\nfi\n# This output is used by Xcode 'outputs' to avoid re-running this script phase.\necho \"SUCCESS\" > \"${SCRIPT_OUTPUT_FILE_0}\"\n";
			showEnvVarsInLog = 0;
		};
		E070551378EE26D181304F46 /* [CP] Copy Pods Resources */ = {
			isa = PBXShellScriptBuildPhase;
			buildActionMask = 2147483647;
			files = (
			);
			inputFileListPaths = (
				"${PODS_ROOT}/Target Support Files/Pods-spotifySampleA-spotifySampleAUITests/Pods-spotifySampleA-spotifySampleAUITests-resources-${CONFIGURATION}-input-files.xcfilelist",
			);
			name = "[CP] Copy Pods Resources";
			outputFileListPaths = (
				"${PODS_ROOT}/Target Support Files/Pods-spotifySampleA-spotifySampleAUITests/Pods-spotifySampleA-spotifySampleAUITests-resources-${CONFIGURATION}-output-files.xcfilelist",
			);
			runOnlyForDeploymentPostprocessing = 0;
			shellPath = /bin/sh;
			shellScript = "\"${PODS_ROOT}/Target Support Files/Pods-spotifySampleA-spotifySampleAUITests/Pods-spotifySampleA-spotifySampleAUITests-resources.sh\"\n";
			showEnvVarsInLog = 0;
		};
		FE966087C7AB6D65CE0B518F /* [CP] Copy Pods Resources */ = {
			isa = PBXShellScriptBuildPhase;
			buildActionMask = 2147483647;
			files = (
			);
			inputFileListPaths = (
				"${PODS_ROOT}/Target Support Files/Pods-spotifySampleA/Pods-spotifySampleA-resources-${CONFIGURATION}-input-files.xcfilelist",
			);
			name = "[CP] Copy Pods Resources";
			outputFileListPaths = (
				"${PODS_ROOT}/Target Support Files/Pods-spotifySampleA/Pods-spotifySampleA-resources-${CONFIGURATION}-output-files.xcfilelist",
			);
			runOnlyForDeploymentPostprocessing = 0;
			shellPath = /bin/sh;
			shellScript = "\"${PODS_ROOT}/Target Support Files/Pods-spotifySampleA/Pods-spotifySampleA-resources.sh\"\n";
			showEnvVarsInLog = 0;
		};
/* End PBXShellScriptBuildPhase section */

/* Begin PBXSourcesBuildPhase section */
		06F682622942C43C0047E624 /* Sources */ = {
			isa = PBXSourcesBuildPhase;
			buildActionMask = 2147483647;
			files = (
				06F6829A2942CD840047E624 /* LoginViewController.swift in Sources */,
				06F6826A2942C43C0047E624 /* AppDelegate.swift in Sources */,
				06F6829C2942E0E50047E624 /* EnterEmailViewController.swift in Sources */,
				06F6826C2942C43C0047E624 /* SceneDelegate.swift in Sources */,
				06F6829E294303710047E624 /* MainViewController.swift in Sources */,
			);
			runOnlyForDeploymentPostprocessing = 0;
		};
		06F682782942C43E0047E624 /* Sources */ = {
			isa = PBXSourcesBuildPhase;
			buildActionMask = 2147483647;
			files = (
				06F682812942C43E0047E624 /* spotifySampleATests.swift in Sources */,
			);
			runOnlyForDeploymentPostprocessing = 0;
		};
		06F682822942C43E0047E624 /* Sources */ = {
			isa = PBXSourcesBuildPhase;
			buildActionMask = 2147483647;
			files = (
				06F6828B2942C43E0047E624 /* spotifySampleAUITests.swift in Sources */,
				06F6828D2942C43E0047E624 /* spotifySampleAUITestsLaunchTests.swift in Sources */,
			);
			runOnlyForDeploymentPostprocessing = 0;
		};
/* End PBXSourcesBuildPhase section */

/* Begin PBXTargetDependency section */
		06F6827E2942C43E0047E624 /* PBXTargetDependency */ = {
			isa = PBXTargetDependency;
			target = 06F682652942C43C0047E624 /* spotifySampleA */;
			targetProxy = 06F6827D2942C43E0047E624 /* PBXContainerItemProxy */;
		};
		06F682882942C43E0047E624 /* PBXTargetDependency */ = {
			isa = PBXTargetDependency;
			target = 06F682652942C43C0047E624 /* spotifySampleA */;
			targetProxy = 06F682872942C43E0047E624 /* PBXContainerItemProxy */;
		};
/* End PBXTargetDependency section */

/* Begin PBXVariantGroup section */
		06F6826F2942C43C0047E624 /* Main.storyboard */ = {
			isa = PBXVariantGroup;
			children = (
				06F682702942C43C0047E624 /* Base */,
			);
			name = Main.storyboard;
			sourceTree = "<group>";
		};
		06F682742942C43E0047E624 /* LaunchScreen.storyboard */ = {
			isa = PBXVariantGroup;
			children = (
				06F682752942C43E0047E624 /* Base */,
			);
			name = LaunchScreen.storyboard;
			sourceTree = "<group>";
		};
/* End PBXVariantGroup section */

/* Begin XCBuildConfiguration section */
		06F6828E2942C43E0047E624 /* Debug */ = {
			isa = XCBuildConfiguration;
			buildSettings = {
				ALWAYS_SEARCH_USER_PATHS = NO;
				CLANG_ANALYZER_NONNULL = YES;
				CLANG_ANALYZER_NUMBER_OBJECT_CONVERSION = YES_AGGRESSIVE;
				CLANG_CXX_LANGUAGE_STANDARD = "gnu++20";
				CLANG_ENABLE_MODULES = YES;
				CLANG_ENABLE_OBJC_ARC = YES;
				CLANG_ENABLE_OBJC_WEAK = YES;
				CLANG_WARN_BLOCK_CAPTURE_AUTORELEASING = YES;
				CLANG_WARN_BOOL_CONVERSION = YES;
				CLANG_WARN_COMMA = YES;
				CLANG_WARN_CONSTANT_CONVERSION = YES;
				CLANG_WARN_DEPRECATED_OBJC_IMPLEMENTATIONS = YES;
				CLANG_WARN_DIRECT_OBJC_ISA_USAGE = YES_ERROR;
				CLANG_WARN_DOCUMENTATION_COMMENTS = YES;
				CLANG_WARN_EMPTY_BODY = YES;
				CLANG_WARN_ENUM_CONVERSION = YES;
				CLANG_WARN_INFINITE_RECURSION = YES;
				CLANG_WARN_INT_CONVERSION = YES;
				CLANG_WARN_NON_LITERAL_NULL_CONVERSION = YES;
				CLANG_WARN_OBJC_IMPLICIT_RETAIN_SELF = YES;
				CLANG_WARN_OBJC_LITERAL_CONVERSION = YES;
				CLANG_WARN_OBJC_ROOT_CLASS = YES_ERROR;
				CLANG_WARN_QUOTED_INCLUDE_IN_FRAMEWORK_HEADER = YES;
				CLANG_WARN_RANGE_LOOP_ANALYSIS = YES;
				CLANG_WARN_STRICT_PROTOTYPES = YES;
				CLANG_WARN_SUSPICIOUS_MOVE = YES;
				CLANG_WARN_UNGUARDED_AVAILABILITY = YES_AGGRESSIVE;
				CLANG_WARN_UNREACHABLE_CODE = YES;
				CLANG_WARN__DUPLICATE_METHOD_MATCH = YES;
				COPY_PHASE_STRIP = NO;
				DEBUG_INFORMATION_FORMAT = dwarf;
				ENABLE_STRICT_OBJC_MSGSEND = YES;
				ENABLE_TESTABILITY = YES;
				GCC_C_LANGUAGE_STANDARD = gnu11;
				GCC_DYNAMIC_NO_PIC = NO;
				GCC_NO_COMMON_BLOCKS = YES;
				GCC_OPTIMIZATION_LEVEL = 0;
				GCC_PREPROCESSOR_DEFINITIONS = (
					"DEBUG=1",
					"$(inherited)",
				);
				GCC_WARN_64_TO_32_BIT_CONVERSION = YES;
				GCC_WARN_ABOUT_RETURN_TYPE = YES_ERROR;
				GCC_WARN_UNDECLARED_SELECTOR = YES;
				GCC_WARN_UNINITIALIZED_AUTOS = YES_AGGRESSIVE;
				GCC_WARN_UNUSED_FUNCTION = YES;
				GCC_WARN_UNUSED_VARIABLE = YES;
				IPHONEOS_DEPLOYMENT_TARGET = 16.1;
				MTL_ENABLE_DEBUG_INFO = INCLUDE_SOURCE;
				MTL_FAST_MATH = YES;
				ONLY_ACTIVE_ARCH = YES;
				SDKROOT = iphoneos;
				SWIFT_ACTIVE_COMPILATION_CONDITIONS = DEBUG;
				SWIFT_OPTIMIZATION_LEVEL = "-Onone";
			};
			name = Debug;
		};
		06F6828F2942C43E0047E624 /* Release */ = {
			isa = XCBuildConfiguration;
			buildSettings = {
				ALWAYS_SEARCH_USER_PATHS = NO;
				CLANG_ANALYZER_NONNULL = YES;
				CLANG_ANALYZER_NUMBER_OBJECT_CONVERSION = YES_AGGRESSIVE;
				CLANG_CXX_LANGUAGE_STANDARD = "gnu++20";
				CLANG_ENABLE_MODULES = YES;
				CLANG_ENABLE_OBJC_ARC = YES;
				CLANG_ENABLE_OBJC_WEAK = YES;
				CLANG_WARN_BLOCK_CAPTURE_AUTORELEASING = YES;
				CLANG_WARN_BOOL_CONVERSION = YES;
				CLANG_WARN_COMMA = YES;
				CLANG_WARN_CONSTANT_CONVERSION = YES;
				CLANG_WARN_DEPRECATED_OBJC_IMPLEMENTATIONS = YES;
				CLANG_WARN_DIRECT_OBJC_ISA_USAGE = YES_ERROR;
				CLANG_WARN_DOCUMENTATION_COMMENTS = YES;
				CLANG_WARN_EMPTY_BODY = YES;
				CLANG_WARN_ENUM_CONVERSION = YES;
				CLANG_WARN_INFINITE_RECURSION = YES;
				CLANG_WARN_INT_CONVERSION = YES;
				CLANG_WARN_NON_LITERAL_NULL_CONVERSION = YES;
				CLANG_WARN_OBJC_IMPLICIT_RETAIN_SELF = YES;
				CLANG_WARN_OBJC_LITERAL_CONVERSION = YES;
				CLANG_WARN_OBJC_ROOT_CLASS = YES_ERROR;
				CLANG_WARN_QUOTED_INCLUDE_IN_FRAMEWORK_HEADER = YES;
				CLANG_WARN_RANGE_LOOP_ANALYSIS = YES;
				CLANG_WARN_STRICT_PROTOTYPES = YES;
				CLANG_WARN_SUSPICIOUS_MOVE = YES;
				CLANG_WARN_UNGUARDED_AVAILABILITY = YES_AGGRESSIVE;
				CLANG_WARN_UNREACHABLE_CODE = YES;
				CLANG_WARN__DUPLICATE_METHOD_MATCH = YES;
				COPY_PHASE_STRIP = NO;
				DEBUG_INFORMATION_FORMAT = "dwarf-with-dsym";
				ENABLE_NS_ASSERTIONS = NO;
				ENABLE_STRICT_OBJC_MSGSEND = YES;
				GCC_C_LANGUAGE_STANDARD = gnu11;
				GCC_NO_COMMON_BLOCKS = YES;
				GCC_WARN_64_TO_32_BIT_CONVERSION = YES;
				GCC_WARN_ABOUT_RETURN_TYPE = YES_ERROR;
				GCC_WARN_UNDECLARED_SELECTOR = YES;
				GCC_WARN_UNINITIALIZED_AUTOS = YES_AGGRESSIVE;
				GCC_WARN_UNUSED_FUNCTION = YES;
				GCC_WARN_UNUSED_VARIABLE = YES;
				IPHONEOS_DEPLOYMENT_TARGET = 16.1;
				MTL_ENABLE_DEBUG_INFO = NO;
				MTL_FAST_MATH = YES;
				SDKROOT = iphoneos;
				SWIFT_COMPILATION_MODE = wholemodule;
				SWIFT_OPTIMIZATION_LEVEL = "-O";
				VALIDATE_PRODUCT = YES;
			};
			name = Release;
		};
		06F682912942C43E0047E624 /* Debug */ = {
			isa = XCBuildConfiguration;
			baseConfigurationReference = 7D6667345E6E3E9EA9D9D51E /* Pods-spotifySampleA.debug.xcconfig */;
			buildSettings = {
				ASSETCATALOG_COMPILER_APPICON_NAME = AppIcon;
				ASSETCATALOG_COMPILER_GLOBAL_ACCENT_COLOR_NAME = AccentColor;
				CODE_SIGN_STYLE = Automatic;
				CURRENT_PROJECT_VERSION = 1;
				DEVELOPMENT_TEAM = UGFP3W9FTD;
				GENERATE_INFOPLIST_FILE = YES;
				INFOPLIST_FILE = spotifySampleA/Info.plist;
				INFOPLIST_KEY_UIApplicationSupportsIndirectInputEvents = YES;
				INFOPLIST_KEY_UILaunchStoryboardName = LaunchScreen;
				INFOPLIST_KEY_UIMainStoryboardFile = Main;
				INFOPLIST_KEY_UISupportedInterfaceOrientations_iPad = "UIInterfaceOrientationPortrait UIInterfaceOrientationPortraitUpsideDown UIInterfaceOrientationLandscapeLeft UIInterfaceOrientationLandscapeRight";
				INFOPLIST_KEY_UISupportedInterfaceOrientations_iPhone = "UIInterfaceOrientationPortrait UIInterfaceOrientationLandscapeLeft UIInterfaceOrientationLandscapeRight";
				LD_RUNPATH_SEARCH_PATHS = (
					"$(inherited)",
					"@executable_path/Frameworks",
				);
				MARKETING_VERSION = 1.0;
				PRODUCT_BUNDLE_IDENTIFIER = com.practice.spotifySampleA;
				PRODUCT_NAME = "$(TARGET_NAME)";
				SWIFT_EMIT_LOC_STRINGS = YES;
				SWIFT_VERSION = 5.0;
				TARGETED_DEVICE_FAMILY = "1,2";
			};
			name = Debug;
		};
		06F682922942C43E0047E624 /* Release */ = {
			isa = XCBuildConfiguration;
			baseConfigurationReference = 0B7143D57A30217138610BBC /* Pods-spotifySampleA.release.xcconfig */;
			buildSettings = {
				ASSETCATALOG_COMPILER_APPICON_NAME = AppIcon;
				ASSETCATALOG_COMPILER_GLOBAL_ACCENT_COLOR_NAME = AccentColor;
				CODE_SIGN_STYLE = Automatic;
				CURRENT_PROJECT_VERSION = 1;
				DEVELOPMENT_TEAM = UGFP3W9FTD;
				GENERATE_INFOPLIST_FILE = YES;
				INFOPLIST_FILE = spotifySampleA/Info.plist;
				INFOPLIST_KEY_UIApplicationSupportsIndirectInputEvents = YES;
				INFOPLIST_KEY_UILaunchStoryboardName = LaunchScreen;
				INFOPLIST_KEY_UIMainStoryboardFile = Main;
				INFOPLIST_KEY_UISupportedInterfaceOrientations_iPad = "UIInterfaceOrientationPortrait UIInterfaceOrientationPortraitUpsideDown UIInterfaceOrientationLandscapeLeft UIInterfaceOrientationLandscapeRight";
				INFOPLIST_KEY_UISupportedInterfaceOrientations_iPhone = "UIInterfaceOrientationPortrait UIInterfaceOrientationLandscapeLeft UIInterfaceOrientationLandscapeRight";
				LD_RUNPATH_SEARCH_PATHS = (
					"$(inherited)",
					"@executable_path/Frameworks",
				);
				MARKETING_VERSION = 1.0;
				PRODUCT_BUNDLE_IDENTIFIER = com.practice.spotifySampleA;
				PRODUCT_NAME = "$(TARGET_NAME)";
				SWIFT_EMIT_LOC_STRINGS = YES;
				SWIFT_VERSION = 5.0;
				TARGETED_DEVICE_FAMILY = "1,2";
			};
			name = Release;
		};
		06F682942942C43E0047E624 /* Debug */ = {
			isa = XCBuildConfiguration;
			baseConfigurationReference = 363FEF11AFF10C0B58846D33 /* Pods-spotifySampleATests.debug.xcconfig */;
			buildSettings = {
				ALWAYS_EMBED_SWIFT_STANDARD_LIBRARIES = YES;
				BUNDLE_LOADER = "$(TEST_HOST)";
				CODE_SIGN_STYLE = Automatic;
				CURRENT_PROJECT_VERSION = 1;
				DEVELOPMENT_TEAM = UGFP3W9FTD;
				GENERATE_INFOPLIST_FILE = YES;
				IPHONEOS_DEPLOYMENT_TARGET = 16.1;
				MARKETING_VERSION = 1.0;
				PRODUCT_BUNDLE_IDENTIFIER = com.practice.spotifySampleATests;
				PRODUCT_NAME = "$(TARGET_NAME)";
				SWIFT_EMIT_LOC_STRINGS = NO;
				SWIFT_VERSION = 5.0;
				TARGETED_DEVICE_FAMILY = "1,2";
				TEST_HOST = "$(BUILT_PRODUCTS_DIR)/spotifySampleA.app/$(BUNDLE_EXECUTABLE_FOLDER_PATH)/spotifySampleA";
			};
			name = Debug;
		};
		06F682952942C43E0047E624 /* Release */ = {
			isa = XCBuildConfiguration;
			baseConfigurationReference = 367DAF0A45610E240193A0AA /* Pods-spotifySampleATests.release.xcconfig */;
			buildSettings = {
				ALWAYS_EMBED_SWIFT_STANDARD_LIBRARIES = YES;
				BUNDLE_LOADER = "$(TEST_HOST)";
				CODE_SIGN_STYLE = Automatic;
				CURRENT_PROJECT_VERSION = 1;
				DEVELOPMENT_TEAM = UGFP3W9FTD;
				GENERATE_INFOPLIST_FILE = YES;
				IPHONEOS_DEPLOYMENT_TARGET = 16.1;
				MARKETING_VERSION = 1.0;
				PRODUCT_BUNDLE_IDENTIFIER = com.practice.spotifySampleATests;
				PRODUCT_NAME = "$(TARGET_NAME)";
				SWIFT_EMIT_LOC_STRINGS = NO;
				SWIFT_VERSION = 5.0;
				TARGETED_DEVICE_FAMILY = "1,2";
				TEST_HOST = "$(BUILT_PRODUCTS_DIR)/spotifySampleA.app/$(BUNDLE_EXECUTABLE_FOLDER_PATH)/spotifySampleA";
			};
			name = Release;
		};
		06F682972942C43E0047E624 /* Debug */ = {
			isa = XCBuildConfiguration;
			baseConfigurationReference = 4C29967F9B8683966CE42A8C /* Pods-spotifySampleA-spotifySampleAUITests.debug.xcconfig */;
			buildSettings = {
				ALWAYS_EMBED_SWIFT_STANDARD_LIBRARIES = YES;
				CODE_SIGN_STYLE = Automatic;
				CURRENT_PROJECT_VERSION = 1;
				DEVELOPMENT_TEAM = UGFP3W9FTD;
				GENERATE_INFOPLIST_FILE = YES;
				MARKETING_VERSION = 1.0;
				PRODUCT_BUNDLE_IDENTIFIER = com.practice.spotifySampleAUITests;
				PRODUCT_NAME = "$(TARGET_NAME)";
				SWIFT_EMIT_LOC_STRINGS = NO;
				SWIFT_VERSION = 5.0;
				TARGETED_DEVICE_FAMILY = "1,2";
				TEST_TARGET_NAME = spotifySampleA;
			};
			name = Debug;
		};
		06F682982942C43E0047E624 /* Release */ = {
			isa = XCBuildConfiguration;
			baseConfigurationReference = C80E808739A9BEE95A11B371 /* Pods-spotifySampleA-spotifySampleAUITests.release.xcconfig */;
			buildSettings = {
				ALWAYS_EMBED_SWIFT_STANDARD_LIBRARIES = YES;
				CODE_SIGN_STYLE = Automatic;
				CURRENT_PROJECT_VERSION = 1;
				DEVELOPMENT_TEAM = UGFP3W9FTD;
				GENERATE_INFOPLIST_FILE = YES;
				MARKETING_VERSION = 1.0;
				PRODUCT_BUNDLE_IDENTIFIER = com.practice.spotifySampleAUITests;
				PRODUCT_NAME = "$(TARGET_NAME)";
				SWIFT_EMIT_LOC_STRINGS = NO;
				SWIFT_VERSION = 5.0;
				TARGETED_DEVICE_FAMILY = "1,2";
				TEST_TARGET_NAME = spotifySampleA;
			};
			name = Release;
		};
/* End XCBuildConfiguration section */

/* Begin XCConfigurationList section */
		06F682612942C43C0047E624 /* Build configuration list for PBXProject "spotifySampleA" */ = {
			isa = XCConfigurationList;
			buildConfigurations = (
				06F6828E2942C43E0047E624 /* Debug */,
				06F6828F2942C43E0047E624 /* Release */,
			);
			defaultConfigurationIsVisible = 0;
			defaultConfigurationName = Release;
		};
		06F682902942C43E0047E624 /* Build configuration list for PBXNativeTarget "spotifySampleA" */ = {
			isa = XCConfigurationList;
			buildConfigurations = (
				06F682912942C43E0047E624 /* Debug */,
				06F682922942C43E0047E624 /* Release */,
			);
			defaultConfigurationIsVisible = 0;
			defaultConfigurationName = Release;
		};
		06F682932942C43E0047E624 /* Build configuration list for PBXNativeTarget "spotifySampleATests" */ = {
			isa = XCConfigurationList;
			buildConfigurations = (
				06F682942942C43E0047E624 /* Debug */,
				06F682952942C43E0047E624 /* Release */,
			);
			defaultConfigurationIsVisible = 0;
			defaultConfigurationName = Release;
		};
		06F682962942C43E0047E624 /* Build configuration list for PBXNativeTarget "spotifySampleAUITests" */ = {
			isa = XCConfigurationList;
			buildConfigurations = (
				06F682972942C43E0047E624 /* Debug */,
				06F682982942C43E0047E624 /* Release */,
			);
			defaultConfigurationIsVisible = 0;
			defaultConfigurationName = Release;
		};
/* End XCConfigurationList section */
	};
	rootObject = 06F6825E2942C43C0047E624 /* Project object */;
}
