// !$*UTF8*$!
{
	archiveVersion = 1;
	classes = {
	};
	objectVersion = 56;
	objects = {

/* Begin PBXBuildFile section */
		0690A96C294959FC00488852 /* AppDelegate.swift in Sources */ = {isa = PBXBuildFile; fileRef = 0690A96B294959FC00488852 /* AppDelegate.swift */; };
		0690A96E294959FC00488852 /* SceneDelegate.swift in Sources */ = {isa = PBXBuildFile; fileRef = 0690A96D294959FC00488852 /* SceneDelegate.swift */; };
		0690A970294959FC00488852 /* ViewController.swift in Sources */ = {isa = PBXBuildFile; fileRef = 0690A96F294959FC00488852 /* ViewController.swift */; };
		0690A973294959FC00488852 /* Main.storyboard in Resources */ = {isa = PBXBuildFile; fileRef = 0690A971294959FC00488852 /* Main.storyboard */; };
		0690A975294959FE00488852 /* Assets.xcassets in Resources */ = {isa = PBXBuildFile; fileRef = 0690A974294959FE00488852 /* Assets.xcassets */; };
		0690A978294959FE00488852 /* LaunchScreen.storyboard in Resources */ = {isa = PBXBuildFile; fileRef = 0690A976294959FE00488852 /* LaunchScreen.storyboard */; };
		0690A983294959FE00488852 /* NoticePopupATests.swift in Sources */ = {isa = PBXBuildFile; fileRef = 0690A982294959FE00488852 /* NoticePopupATests.swift */; };
		0690A98D294959FE00488852 /* NoticePopupAUITests.swift in Sources */ = {isa = PBXBuildFile; fileRef = 0690A98C294959FE00488852 /* NoticePopupAUITests.swift */; };
		0690A98F294959FE00488852 /* NoticePopupAUITestsLaunchTests.swift in Sources */ = {isa = PBXBuildFile; fileRef = 0690A98E294959FE00488852 /* NoticePopupAUITestsLaunchTests.swift */; };
/* End PBXBuildFile section */

/* Begin PBXContainerItemProxy section */
		0690A97F294959FE00488852 /* PBXContainerItemProxy */ = {
			isa = PBXContainerItemProxy;
			containerPortal = 0690A960294959FC00488852 /* Project object */;
			proxyType = 1;
			remoteGlobalIDString = 0690A967294959FC00488852;
			remoteInfo = NoticePopupA;
		};
		0690A989294959FE00488852 /* PBXContainerItemProxy */ = {
			isa = PBXContainerItemProxy;
			containerPortal = 0690A960294959FC00488852 /* Project object */;
			proxyType = 1;
			remoteGlobalIDString = 0690A967294959FC00488852;
			remoteInfo = NoticePopupA;
		};
/* End PBXContainerItemProxy section */

/* Begin PBXFileReference section */
		0690A968294959FC00488852 /* NoticePopupA.app */ = {isa = PBXFileReference; explicitFileType = wrapper.application; includeInIndex = 0; path = NoticePopupA.app; sourceTree = BUILT_PRODUCTS_DIR; };
		0690A96B294959FC00488852 /* AppDelegate.swift */ = {isa = PBXFileReference; lastKnownFileType = sourcecode.swift; path = AppDelegate.swift; sourceTree = "<group>"; };
		0690A96D294959FC00488852 /* SceneDelegate.swift */ = {isa = PBXFileReference; lastKnownFileType = sourcecode.swift; path = SceneDelegate.swift; sourceTree = "<group>"; };
		0690A96F294959FC00488852 /* ViewController.swift */ = {isa = PBXFileReference; lastKnownFileType = sourcecode.swift; path = ViewController.swift; sourceTree = "<group>"; };
		0690A972294959FC00488852 /* Base */ = {isa = PBXFileReference; lastKnownFileType = file.storyboard; name = Base; path = Base.lproj/Main.storyboard; sourceTree = "<group>"; };
		0690A974294959FE00488852 /* Assets.xcassets */ = {isa = PBXFileReference; lastKnownFileType = folder.assetcatalog; path = Assets.xcassets; sourceTree = "<group>"; };
		0690A977294959FE00488852 /* Base */ = {isa = PBXFileReference; lastKnownFileType = file.storyboard; name = Base; path = Base.lproj/LaunchScreen.storyboard; sourceTree = "<group>"; };
		0690A979294959FE00488852 /* Info.plist */ = {isa = PBXFileReference; lastKnownFileType = text.plist.xml; path = Info.plist; sourceTree = "<group>"; };
		0690A97E294959FE00488852 /* NoticePopupATests.xctest */ = {isa = PBXFileReference; explicitFileType = wrapper.cfbundle; includeInIndex = 0; path = NoticePopupATests.xctest; sourceTree = BUILT_PRODUCTS_DIR; };
		0690A982294959FE00488852 /* NoticePopupATests.swift */ = {isa = PBXFileReference; lastKnownFileType = sourcecode.swift; path = NoticePopupATests.swift; sourceTree = "<group>"; };
		0690A988294959FE00488852 /* NoticePopupAUITests.xctest */ = {isa = PBXFileReference; explicitFileType = wrapper.cfbundle; includeInIndex = 0; path = NoticePopupAUITests.xctest; sourceTree = BUILT_PRODUCTS_DIR; };
		0690A98C294959FE00488852 /* NoticePopupAUITests.swift */ = {isa = PBXFileReference; lastKnownFileType = sourcecode.swift; path = NoticePopupAUITests.swift; sourceTree = "<group>"; };
		0690A98E294959FE00488852 /* NoticePopupAUITestsLaunchTests.swift */ = {isa = PBXFileReference; lastKnownFileType = sourcecode.swift; path = NoticePopupAUITestsLaunchTests.swift; sourceTree = "<group>"; };
/* End PBXFileReference section */

/* Begin PBXFrameworksBuildPhase section */
		0690A965294959FC00488852 /* Frameworks */ = {
			isa = PBXFrameworksBuildPhase;
			buildActionMask = 2147483647;
			files = (
			);
			runOnlyForDeploymentPostprocessing = 0;
		};
		0690A97B294959FE00488852 /* Frameworks */ = {
			isa = PBXFrameworksBuildPhase;
			buildActionMask = 2147483647;
			files = (
			);
			runOnlyForDeploymentPostprocessing = 0;
		};
		0690A985294959FE00488852 /* Frameworks */ = {
			isa = PBXFrameworksBuildPhase;
			buildActionMask = 2147483647;
			files = (
			);
			runOnlyForDeploymentPostprocessing = 0;
		};
/* End PBXFrameworksBuildPhase section */

/* Begin PBXGroup section */
		0690A95F294959FC00488852 = {
			isa = PBXGroup;
			children = (
				0690A96A294959FC00488852 /* NoticePopupA */,
				0690A981294959FE00488852 /* NoticePopupATests */,
				0690A98B294959FE00488852 /* NoticePopupAUITests */,
				0690A969294959FC00488852 /* Products */,
			);
			sourceTree = "<group>";
		};
		0690A969294959FC00488852 /* Products */ = {
			isa = PBXGroup;
			children = (
				0690A968294959FC00488852 /* NoticePopupA.app */,
				0690A97E294959FE00488852 /* NoticePopupATests.xctest */,
				0690A988294959FE00488852 /* NoticePopupAUITests.xctest */,
			);
			name = Products;
			sourceTree = "<group>";
		};
		0690A96A294959FC00488852 /* NoticePopupA */ = {
			isa = PBXGroup;
			children = (
				0690A96B294959FC00488852 /* AppDelegate.swift */,
				0690A96D294959FC00488852 /* SceneDelegate.swift */,
				0690A96F294959FC00488852 /* ViewController.swift */,
				0690A971294959FC00488852 /* Main.storyboard */,
				0690A974294959FE00488852 /* Assets.xcassets */,
				0690A976294959FE00488852 /* LaunchScreen.storyboard */,
				0690A979294959FE00488852 /* Info.plist */,
			);
			path = NoticePopupA;
			sourceTree = "<group>";
		};
		0690A981294959FE00488852 /* NoticePopupATests */ = {
			isa = PBXGroup;
			children = (
				0690A982294959FE00488852 /* NoticePopupATests.swift */,
			);
			path = NoticePopupATests;
			sourceTree = "<group>";
		};
		0690A98B294959FE00488852 /* NoticePopupAUITests */ = {
			isa = PBXGroup;
			children = (
				0690A98C294959FE00488852 /* NoticePopupAUITests.swift */,
				0690A98E294959FE00488852 /* NoticePopupAUITestsLaunchTests.swift */,
			);
			path = NoticePopupAUITests;
			sourceTree = "<group>";
		};
/* End PBXGroup section */

/* Begin PBXNativeTarget section */
		0690A967294959FC00488852 /* NoticePopupA */ = {
			isa = PBXNativeTarget;
			buildConfigurationList = 0690A992294959FE00488852 /* Build configuration list for PBXNativeTarget "NoticePopupA" */;
			buildPhases = (
				0690A964294959FC00488852 /* Sources */,
				0690A965294959FC00488852 /* Frameworks */,
				0690A966294959FC00488852 /* Resources */,
			);
			buildRules = (
			);
			dependencies = (
			);
			name = NoticePopupA;
			productName = NoticePopupA;
			productReference = 0690A968294959FC00488852 /* NoticePopupA.app */;
			productType = "com.apple.product-type.application";
		};
		0690A97D294959FE00488852 /* NoticePopupATests */ = {
			isa = PBXNativeTarget;
			buildConfigurationList = 0690A995294959FE00488852 /* Build configuration list for PBXNativeTarget "NoticePopupATests" */;
			buildPhases = (
				0690A97A294959FE00488852 /* Sources */,
				0690A97B294959FE00488852 /* Frameworks */,
				0690A97C294959FE00488852 /* Resources */,
			);
			buildRules = (
			);
			dependencies = (
				0690A980294959FE00488852 /* PBXTargetDependency */,
			);
			name = NoticePopupATests;
			productName = NoticePopupATests;
			productReference = 0690A97E294959FE00488852 /* NoticePopupATests.xctest */;
			productType = "com.apple.product-type.bundle.unit-test";
		};
		0690A987294959FE00488852 /* NoticePopupAUITests */ = {
			isa = PBXNativeTarget;
			buildConfigurationList = 0690A998294959FE00488852 /* Build configuration list for PBXNativeTarget "NoticePopupAUITests" */;
			buildPhases = (
				0690A984294959FE00488852 /* Sources */,
				0690A985294959FE00488852 /* Frameworks */,
				0690A986294959FE00488852 /* Resources */,
			);
			buildRules = (
			);
			dependencies = (
				0690A98A294959FE00488852 /* PBXTargetDependency */,
			);
			name = NoticePopupAUITests;
			productName = NoticePopupAUITests;
			productReference = 0690A988294959FE00488852 /* NoticePopupAUITests.xctest */;
			productType = "com.apple.product-type.bundle.ui-testing";
		};
/* End PBXNativeTarget section */

/* Begin PBXProject section */
		0690A960294959FC00488852 /* Project object */ = {
			isa = PBXProject;
			attributes = {
				BuildIndependentTargetsInParallel = 1;
				LastSwiftUpdateCheck = 1410;
				LastUpgradeCheck = 1410;
				TargetAttributes = {
					0690A967294959FC00488852 = {
						CreatedOnToolsVersion = 14.1;
					};
					0690A97D294959FE00488852 = {
						CreatedOnToolsVersion = 14.1;
						TestTargetID = 0690A967294959FC00488852;
					};
					0690A987294959FE00488852 = {
						CreatedOnToolsVersion = 14.1;
						TestTargetID = 0690A967294959FC00488852;
					};
				};
			};
			buildConfigurationList = 0690A963294959FC00488852 /* Build configuration list for PBXProject "NoticePopupA" */;
			compatibilityVersion = "Xcode 14.0";
			developmentRegion = en;
			hasScannedForEncodings = 0;
			knownRegions = (
				en,
				Base,
			);
			mainGroup = 0690A95F294959FC00488852;
			productRefGroup = 0690A969294959FC00488852 /* Products */;
			projectDirPath = "";
			projectRoot = "";
			targets = (
				0690A967294959FC00488852 /* NoticePopupA */,
				0690A97D294959FE00488852 /* NoticePopupATests */,
				0690A987294959FE00488852 /* NoticePopupAUITests */,
			);
		};
/* End PBXProject section */

/* Begin PBXResourcesBuildPhase section */
		0690A966294959FC00488852 /* Resources */ = {
			isa = PBXResourcesBuildPhase;
			buildActionMask = 2147483647;
			files = (
				0690A978294959FE00488852 /* LaunchScreen.storyboard in Resources */,
				0690A975294959FE00488852 /* Assets.xcassets in Resources */,
				0690A973294959FC00488852 /* Main.storyboard in Resources */,
			);
			runOnlyForDeploymentPostprocessing = 0;
		};
		0690A97C294959FE00488852 /* Resources */ = {
			isa = PBXResourcesBuildPhase;
			buildActionMask = 2147483647;
			files = (
			);
			runOnlyForDeploymentPostprocessing = 0;
		};
		0690A986294959FE00488852 /* Resources */ = {
			isa = PBXResourcesBuildPhase;
			buildActionMask = 2147483647;
			files = (
			);
			runOnlyForDeploymentPostprocessing = 0;
		};
/* End PBXResourcesBuildPhase section */

/* Begin PBXSourcesBuildPhase section */
		0690A964294959FC00488852 /* Sources */ = {
			isa = PBXSourcesBuildPhase;
			buildActionMask = 2147483647;
			files = (
				0690A970294959FC00488852 /* ViewController.swift in Sources */,
				0690A96C294959FC00488852 /* AppDelegate.swift in Sources */,
				0690A96E294959FC00488852 /* SceneDelegate.swift in Sources */,
			);
			runOnlyForDeploymentPostprocessing = 0;
		};
		0690A97A294959FE00488852 /* Sources */ = {
			isa = PBXSourcesBuildPhase;
			buildActionMask = 2147483647;
			files = (
				0690A983294959FE00488852 /* NoticePopupATests.swift in Sources */,
			);
			runOnlyForDeploymentPostprocessing = 0;
		};
		0690A984294959FE00488852 /* Sources */ = {
			isa = PBXSourcesBuildPhase;
			buildActionMask = 2147483647;
			files = (
				0690A98D294959FE00488852 /* NoticePopupAUITests.swift in Sources */,
				0690A98F294959FE00488852 /* NoticePopupAUITestsLaunchTests.swift in Sources */,
			);
			runOnlyForDeploymentPostprocessing = 0;
		};
/* End PBXSourcesBuildPhase section */

/* Begin PBXTargetDependency section */
		0690A980294959FE00488852 /* PBXTargetDependency */ = {
			isa = PBXTargetDependency;
			target = 0690A967294959FC00488852 /* NoticePopupA */;
			targetProxy = 0690A97F294959FE00488852 /* PBXContainerItemProxy */;
		};
		0690A98A294959FE00488852 /* PBXTargetDependency */ = {
			isa = PBXTargetDependency;
			target = 0690A967294959FC00488852 /* NoticePopupA */;
			targetProxy = 0690A989294959FE00488852 /* PBXContainerItemProxy */;
		};
/* End PBXTargetDependency section */

/* Begin PBXVariantGroup section */
		0690A971294959FC00488852 /* Main.storyboard */ = {
			isa = PBXVariantGroup;
			children = (
				0690A972294959FC00488852 /* Base */,
			);
			name = Main.storyboard;
			sourceTree = "<group>";
		};
		0690A976294959FE00488852 /* LaunchScreen.storyboard */ = {
			isa = PBXVariantGroup;
			children = (
				0690A977294959FE00488852 /* Base */,
			);
			name = LaunchScreen.storyboard;
			sourceTree = "<group>";
		};
/* End PBXVariantGroup section */

/* Begin XCBuildConfiguration section */
		0690A990294959FE00488852 /* Debug */ = {
			isa = XCBuildConfiguration;
			buildSettings = {
				ALWAYS_SEARCH_USER_PATHS = NO;
				CLANG_ANALYZER_NONNULL = YES;
				CLANG_ANALYZER_NUMBER_OBJECT_CONVERSION = YES_AGGRESSIVE;
				CLANG_CXX_LANGUAGE_STANDARD = "gnu++20";
				CLANG_ENABLE_MODULES = YES;
				CLANG_ENABLE_OBJC_ARC = YES;
				CLANG_ENABLE_OBJC_WEAK = YES;
				CLANG_WARN_BLOCK_CAPTURE_AUTORELEASING = YES;
				CLANG_WARN_BOOL_CONVERSION = YES;
				CLANG_WARN_COMMA = YES;
				CLANG_WARN_CONSTANT_CONVERSION = YES;
				CLANG_WARN_DEPRECATED_OBJC_IMPLEMENTATIONS = YES;
				CLANG_WARN_DIRECT_OBJC_ISA_USAGE = YES_ERROR;
				CLANG_WARN_DOCUMENTATION_COMMENTS = YES;
				CLANG_WARN_EMPTY_BODY = YES;
				CLANG_WARN_ENUM_CONVERSION = YES;
				CLANG_WARN_INFINITE_RECURSION = YES;
				CLANG_WARN_INT_CONVERSION = YES;
				CLANG_WARN_NON_LITERAL_NULL_CONVERSION = YES;
				CLANG_WARN_OBJC_IMPLICIT_RETAIN_SELF = YES;
				CLANG_WARN_OBJC_LITERAL_CONVERSION = YES;
				CLANG_WARN_OBJC_ROOT_CLASS = YES_ERROR;
				CLANG_WARN_QUOTED_INCLUDE_IN_FRAMEWORK_HEADER = YES;
				CLANG_WARN_RANGE_LOOP_ANALYSIS = YES;
				CLANG_WARN_STRICT_PROTOTYPES = YES;
				CLANG_WARN_SUSPICIOUS_MOVE = YES;
				CLANG_WARN_UNGUARDED_AVAILABILITY = YES_AGGRESSIVE;
				CLANG_WARN_UNREACHABLE_CODE = YES;
				CLANG_WARN__DUPLICATE_METHOD_MATCH = YES;
				COPY_PHASE_STRIP = NO;
				DEBUG_INFORMATION_FORMAT = dwarf;
				ENABLE_STRICT_OBJC_MSGSEND = YES;
				ENABLE_TESTABILITY = YES;
				GCC_C_LANGUAGE_STANDARD = gnu11;
				GCC_DYNAMIC_NO_PIC = NO;
				GCC_NO_COMMON_BLOCKS = YES;
				GCC_OPTIMIZATION_LEVEL = 0;
				GCC_PREPROCESSOR_DEFINITIONS = (
					"DEBUG=1",
					"$(inherited)",
				);
				GCC_WARN_64_TO_32_BIT_CONVERSION = YES;
				GCC_WARN_ABOUT_RETURN_TYPE = YES_ERROR;
				GCC_WARN_UNDECLARED_SELECTOR = YES;
				GCC_WARN_UNINITIALIZED_AUTOS = YES_AGGRESSIVE;
				GCC_WARN_UNUSED_FUNCTION = YES;
				GCC_WARN_UNUSED_VARIABLE = YES;
				IPHONEOS_DEPLOYMENT_TARGET = 16.1;
				MTL_ENABLE_DEBUG_INFO = INCLUDE_SOURCE;
				MTL_FAST_MATH = YES;
				ONLY_ACTIVE_ARCH = YES;
				SDKROOT = iphoneos;
				SWIFT_ACTIVE_COMPILATION_CONDITIONS = DEBUG;
				SWIFT_OPTIMIZATION_LEVEL = "-Onone";
			};
			name = Debug;
		};
		0690A991294959FE00488852 /* Release */ = {
			isa = XCBuildConfiguration;
			buildSettings = {
				ALWAYS_SEARCH_USER_PATHS = NO;
				CLANG_ANALYZER_NONNULL = YES;
				CLANG_ANALYZER_NUMBER_OBJECT_CONVERSION = YES_AGGRESSIVE;
				CLANG_CXX_LANGUAGE_STANDARD = "gnu++20";
				CLANG_ENABLE_MODULES = YES;
				CLANG_ENABLE_OBJC_ARC = YES;
				CLANG_ENABLE_OBJC_WEAK = YES;
				CLANG_WARN_BLOCK_CAPTURE_AUTORELEASING = YES;
				CLANG_WARN_BOOL_CONVERSION = YES;
				CLANG_WARN_COMMA = YES;
				CLANG_WARN_CONSTANT_CONVERSION = YES;
				CLANG_WARN_DEPRECATED_OBJC_IMPLEMENTATIONS = YES;
				CLANG_WARN_DIRECT_OBJC_ISA_USAGE = YES_ERROR;
				CLANG_WARN_DOCUMENTATION_COMMENTS = YES;
				CLANG_WARN_EMPTY_BODY = YES;
				CLANG_WARN_ENUM_CONVERSION = YES;
				CLANG_WARN_INFINITE_RECURSION = YES;
				CLANG_WARN_INT_CONVERSION = YES;
				CLANG_WARN_NON_LITERAL_NULL_CONVERSION = YES;
				CLANG_WARN_OBJC_IMPLICIT_RETAIN_SELF = YES;
				CLANG_WARN_OBJC_LITERAL_CONVERSION = YES;
				CLANG_WARN_OBJC_ROOT_CLASS = YES_ERROR;
				CLANG_WARN_QUOTED_INCLUDE_IN_FRAMEWORK_HEADER = YES;
				CLANG_WARN_RANGE_LOOP_ANALYSIS = YES;
				CLANG_WARN_STRICT_PROTOTYPES = YES;
				CLANG_WARN_SUSPICIOUS_MOVE = YES;
				CLANG_WARN_UNGUARDED_AVAILABILITY = YES_AGGRESSIVE;
				CLANG_WARN_UNREACHABLE_CODE = YES;
				CLANG_WARN__DUPLICATE_METHOD_MATCH = YES;
				COPY_PHASE_STRIP = NO;
				DEBUG_INFORMATION_FORMAT = "dwarf-with-dsym";
				ENABLE_NS_ASSERTIONS = NO;
				ENABLE_STRICT_OBJC_MSGSEND = YES;
				GCC_C_LANGUAGE_STANDARD = gnu11;
				GCC_NO_COMMON_BLOCKS = YES;
				GCC_WARN_64_TO_32_BIT_CONVERSION = YES;
				GCC_WARN_ABOUT_RETURN_TYPE = YES_ERROR;
				GCC_WARN_UNDECLARED_SELECTOR = YES;
				GCC_WARN_UNINITIALIZED_AUTOS = YES_AGGRESSIVE;
				GCC_WARN_UNUSED_FUNCTION = YES;
				GCC_WARN_UNUSED_VARIABLE = YES;
				IPHONEOS_DEPLOYMENT_TARGET = 16.1;
				MTL_ENABLE_DEBUG_INFO = NO;
				MTL_FAST_MATH = YES;
				SDKROOT = iphoneos;
				SWIFT_COMPILATION_MODE = wholemodule;
				SWIFT_OPTIMIZATION_LEVEL = "-O";
				VALIDATE_PRODUCT = YES;
			};
			name = Release;
		};
		0690A993294959FE00488852 /* Debug */ = {
			isa = XCBuildConfiguration;
			buildSettings = {
				ASSETCATALOG_COMPILER_APPICON_NAME = AppIcon;
				ASSETCATALOG_COMPILER_GLOBAL_ACCENT_COLOR_NAME = AccentColor;
				CODE_SIGN_STYLE = Automatic;
				CURRENT_PROJECT_VERSION = 1;
				DEVELOPMENT_TEAM = UGFP3W9FTD;
				GENERATE_INFOPLIST_FILE = YES;
				INFOPLIST_FILE = NoticePopupA/Info.plist;
				INFOPLIST_KEY_UIApplicationSupportsIndirectInputEvents = YES;
				INFOPLIST_KEY_UILaunchStoryboardName = LaunchScreen;
				INFOPLIST_KEY_UIMainStoryboardFile = Main;
				INFOPLIST_KEY_UISupportedInterfaceOrientations_iPad = "UIInterfaceOrientationPortrait UIInterfaceOrientationPortraitUpsideDown UIInterfaceOrientationLandscapeLeft UIInterfaceOrientationLandscapeRight";
				INFOPLIST_KEY_UISupportedInterfaceOrientations_iPhone = "UIInterfaceOrientationPortrait UIInterfaceOrientationLandscapeLeft UIInterfaceOrientationLandscapeRight";
				LD_RUNPATH_SEARCH_PATHS = (
					"$(inherited)",
					"@executable_path/Frameworks",
				);
				MARKETING_VERSION = 1.0;
				PRODUCT_BUNDLE_IDENTIFIER = com.practice.NoticePopupA;
				PRODUCT_NAME = "$(TARGET_NAME)";
				SWIFT_EMIT_LOC_STRINGS = YES;
				SWIFT_VERSION = 5.0;
				TARGETED_DEVICE_FAMILY = "1,2";
			};
			name = Debug;
		};
		0690A994294959FE00488852 /* Release */ = {
			isa = XCBuildConfiguration;
			buildSettings = {
				ASSETCATALOG_COMPILER_APPICON_NAME = AppIcon;
				ASSETCATALOG_COMPILER_GLOBAL_ACCENT_COLOR_NAME = AccentColor;
				CODE_SIGN_STYLE = Automatic;
				CURRENT_PROJECT_VERSION = 1;
				DEVELOPMENT_TEAM = UGFP3W9FTD;
				GENERATE_INFOPLIST_FILE = YES;
				INFOPLIST_FILE = NoticePopupA/Info.plist;
				INFOPLIST_KEY_UIApplicationSupportsIndirectInputEvents = YES;
				INFOPLIST_KEY_UILaunchStoryboardName = LaunchScreen;
				INFOPLIST_KEY_UIMainStoryboardFile = Main;
				INFOPLIST_KEY_UISupportedInterfaceOrientations_iPad = "UIInterfaceOrientationPortrait UIInterfaceOrientationPortraitUpsideDown UIInterfaceOrientationLandscapeLeft UIInterfaceOrientationLandscapeRight";
				INFOPLIST_KEY_UISupportedInterfaceOrientations_iPhone = "UIInterfaceOrientationPortrait UIInterfaceOrientationLandscapeLeft UIInterfaceOrientationLandscapeRight";
				LD_RUNPATH_SEARCH_PATHS = (
					"$(inherited)",
					"@executable_path/Frameworks",
				);
				MARKETING_VERSION = 1.0;
				PRODUCT_BUNDLE_IDENTIFIER = com.practice.NoticePopupA;
				PRODUCT_NAME = "$(TARGET_NAME)";
				SWIFT_EMIT_LOC_STRINGS = YES;
				SWIFT_VERSION = 5.0;
				TARGETED_DEVICE_FAMILY = "1,2";
			};
			name = Release;
		};
		0690A996294959FE00488852 /* Debug */ = {
			isa = XCBuildConfiguration;
			buildSettings = {
				ALWAYS_EMBED_SWIFT_STANDARD_LIBRARIES = YES;
				BUNDLE_LOADER = "$(TEST_HOST)";
				CODE_SIGN_STYLE = Automatic;
				CURRENT_PROJECT_VERSION = 1;
				DEVELOPMENT_TEAM = UGFP3W9FTD;
				GENERATE_INFOPLIST_FILE = YES;
				IPHONEOS_DEPLOYMENT_TARGET = 16.1;
				MARKETING_VERSION = 1.0;
				PRODUCT_BUNDLE_IDENTIFIER = com.practice.NoticePopupATests;
				PRODUCT_NAME = "$(TARGET_NAME)";
				SWIFT_EMIT_LOC_STRINGS = NO;
				SWIFT_VERSION = 5.0;
				TARGETED_DEVICE_FAMILY = "1,2";
				TEST_HOST = "$(BUILT_PRODUCTS_DIR)/NoticePopupA.app/$(BUNDLE_EXECUTABLE_FOLDER_PATH)/NoticePopupA";
			};
			name = Debug;
		};
		0690A997294959FE00488852 /* Release */ = {
			isa = XCBuildConfiguration;
			buildSettings = {
				ALWAYS_EMBED_SWIFT_STANDARD_LIBRARIES = YES;
				BUNDLE_LOADER = "$(TEST_HOST)";
				CODE_SIGN_STYLE = Automatic;
				CURRENT_PROJECT_VERSION = 1;
				DEVELOPMENT_TEAM = UGFP3W9FTD;
				GENERATE_INFOPLIST_FILE = YES;
				IPHONEOS_DEPLOYMENT_TARGET = 16.1;
				MARKETING_VERSION = 1.0;
				PRODUCT_BUNDLE_IDENTIFIER = com.practice.NoticePopupATests;
				PRODUCT_NAME = "$(TARGET_NAME)";
				SWIFT_EMIT_LOC_STRINGS = NO;
				SWIFT_VERSION = 5.0;
				TARGETED_DEVICE_FAMILY = "1,2";
				TEST_HOST = "$(BUILT_PRODUCTS_DIR)/NoticePopupA.app/$(BUNDLE_EXECUTABLE_FOLDER_PATH)/NoticePopupA";
			};
			name = Release;
		};
		0690A999294959FE00488852 /* Debug */ = {
			isa = XCBuildConfiguration;
			buildSettings = {
				ALWAYS_EMBED_SWIFT_STANDARD_LIBRARIES = YES;
				CODE_SIGN_STYLE = Automatic;
				CURRENT_PROJECT_VERSION = 1;
				DEVELOPMENT_TEAM = UGFP3W9FTD;
				GENERATE_INFOPLIST_FILE = YES;
				MARKETING_VERSION = 1.0;
				PRODUCT_BUNDLE_IDENTIFIER = com.practice.NoticePopupAUITests;
				PRODUCT_NAME = "$(TARGET_NAME)";
				SWIFT_EMIT_LOC_STRINGS = NO;
				SWIFT_VERSION = 5.0;
				TARGETED_DEVICE_FAMILY = "1,2";
				TEST_TARGET_NAME = NoticePopupA;
			};
			name = Debug;
		};
		0690A99A294959FE00488852 /* Release */ = {
			isa = XCBuildConfiguration;
			buildSettings = {
				ALWAYS_EMBED_SWIFT_STANDARD_LIBRARIES = YES;
				CODE_SIGN_STYLE = Automatic;
				CURRENT_PROJECT_VERSION = 1;
				DEVELOPMENT_TEAM = UGFP3W9FTD;
				GENERATE_INFOPLIST_FILE = YES;
				MARKETING_VERSION = 1.0;
				PRODUCT_BUNDLE_IDENTIFIER = com.practice.NoticePopupAUITests;
				PRODUCT_NAME = "$(TARGET_NAME)";
				SWIFT_EMIT_LOC_STRINGS = NO;
				SWIFT_VERSION = 5.0;
				TARGETED_DEVICE_FAMILY = "1,2";
				TEST_TARGET_NAME = NoticePopupA;
			};
			name = Release;
		};
/* End XCBuildConfiguration section */

/* Begin XCConfigurationList section */
		0690A963294959FC00488852 /* Build configuration list for PBXProject "NoticePopupA" */ = {
			isa = XCConfigurationList;
			buildConfigurations = (
				0690A990294959FE00488852 /* Debug */,
				0690A991294959FE00488852 /* Release */,
			);
			defaultConfigurationIsVisible = 0;
			defaultConfigurationName = Release;
		};
		0690A992294959FE00488852 /* Build configuration list for PBXNativeTarget "NoticePopupA" */ = {
			isa = XCConfigurationList;
			buildConfigurations = (
				0690A993294959FE00488852 /* Debug */,
				0690A994294959FE00488852 /* Release */,
			);
			defaultConfigurationIsVisible = 0;
			defaultConfigurationName = Release;
		};
		0690A995294959FE00488852 /* Build configuration list for PBXNativeTarget "NoticePopupATests" */ = {
			isa = XCConfigurationList;
			buildConfigurations = (
				0690A996294959FE00488852 /* Debug */,
				0690A997294959FE00488852 /* Release */,
			);
			defaultConfigurationIsVisible = 0;
			defaultConfigurationName = Release;
		};
		0690A998294959FE00488852 /* Build configuration list for PBXNativeTarget "NoticePopupAUITests" */ = {
			isa = XCConfigurationList;
			buildConfigurations = (
				0690A999294959FE00488852 /* Debug */,
				0690A99A294959FE00488852 /* Release */,
			);
			defaultConfigurationIsVisible = 0;
			defaultConfigurationName = Release;
		};
/* End XCConfigurationList section */
	};
	rootObject = 0690A960294959FC00488852 /* Project object */;
}
